
Microsoft Visual Studio Solution File, Format Version 12.00
# Visual Studio 15
VisualStudioVersion = 15.0.28010.2041
MinimumVisualStudioVersion = 10.0.40219.1
Project("{9A19103F-16F7-4668-BE54-9A1E7A4F7556}") = "RecordHLS", "RecordHLS\RecordHLS.csproj", "{FDE3B398-7CC4-4DE0-87D4-109A3AC77B65}"
EndProject
Project("{9A19103F-16F7-4668-BE54-9A1E7A4F7556}") = "Chromecast", "Chromecast\Chromecast\Chromecast.csproj", "{6A216BA8-E619-47CB-AB92-0CBB6D554681}"
EndProject
Project("{FAE04EC0-301F-11D3-BF4B-00C04F79EFBC}") = "Chromecast.Android", "Chromecast\Chromecast.Android\Chromecast.Android.csproj", "{D032D012-B73D-4042-9666-924CD22FACDE}"
EndProject
Project("{FAE04EC0-301F-11D3-BF4B-00C04F79EFBC}") = "Chromecast.iOS", "Chromecast\Chromecast.iOS\Chromecast.iOS.csproj", "{C2F17693-3C96-4B56-A47E-BC9696B9AB99}"
EndProject
Project("{FAE04EC0-301F-11D3-BF4B-00C04F79EFBC}") = "VideoMosaic.Android", "VideoMosaic\VideoMosaic.Android\VideoMosaic.Android.csproj", "{906EB94F-D675-47B8-A51E-E51A52D18428}"
EndProject
Project("{FAE04EC0-301F-11D3-BF4B-00C04F79EFBC}") = "VideoMosaic.iOS", "VideoMosaic\VideoMosaic.iOS\VideoMosaic.iOS.csproj", "{BBF481A5-6A92-4B4D-B5F7-4A2A0D8B3DF1}"
EndProject
Project("{9A19103F-16F7-4668-BE54-9A1E7A4F7556}") = "VideoMosaic", "VideoMosaic\VideoMosaic\VideoMosaic.csproj", "{771F4B68-3862-4D0A-9111-77F1624C08D2}"
EndProject
Project("{FAE04EC0-301F-11D3-BF4B-00C04F79EFBC}") = "ForegroundBackground.Android", "ForegroundBackground\ForegroundBackground.Android\ForegroundBackground.Android.csproj", "{2A036B7D-0ECB-4E75-A608-5794F2622837}"
EndProject
Project("{FAE04EC0-301F-11D3-BF4B-00C04F79EFBC}") = "ForegroundBackground.iOS", "ForegroundBackground\ForegroundBackground.iOS\ForegroundBackground.iOS.csproj", "{32863993-BD7F-41F9-B22C-21E4FCD05998}"
EndProject
Project("{9A19103F-16F7-4668-BE54-9A1E7A4F7556}") = "ForegroundBackground", "ForegroundBackground\ForegroundBackground\ForegroundBackground.csproj", "{9A168B62-AE4F-42A5-9960-44DE18D04C31}"
EndProject
Project("{9A19103F-16F7-4668-BE54-9A1E7A4F7556}") = "PulseMusic", "PulseMusic\src\PulseMusic\PulseMusic\PulseMusic.csproj", "{E9276DC7-9BD1-4B28-BE5D-ECF1093FB4B1}"
EndProject
Project("{FAE04EC0-301F-11D3-BF4B-00C04F79EFBC}") = "PulseMusic.Android", "PulseMusic\src\PulseMusic\PulseMusic.Android\PulseMusic.Android.csproj", "{5C5B9DB8-91CE-4B22-9559-205413D2729A}"
EndProject
Project("{FAE04EC0-301F-11D3-BF4B-00C04F79EFBC}") = "PulseMusic.iOS", "PulseMusic\src\PulseMusic\PulseMusic.iOS\PulseMusic.iOS.csproj", "{C9F0F801-61E0-4297-B3AB-32FCA8998395}"
EndProject
Project("{13B669BE-BB05-4DDF-9536-439F39A36129}") = "LibVLCSharp.PHP", "LibVLCSharp.PHP\LibVLCSharp.PHP.msbuildproj", "{34324FD2-0654-47A6-8ADC-90EC5AE5987F}"
EndProject
Project("{778DAE3C-4631-46EA-AA77-85C1314464D9}") = "LibVLCSharp.VB", "LibVLCSharp.VB\LibVLCSharp.VB.vbproj", "{9F30452C-20BF-48C7-B755-4F3D34E9C9C8}"
EndProject
Project("{9A19103F-16F7-4668-BE54-9A1E7A4F7556}") = "Gestures", "Gestures\Gestures\Gestures\Gestures.csproj", "{DA4B246C-D402-48F3-8600-E635A718B3AA}"
EndProject
Project("{FAE04EC0-301F-11D3-BF4B-00C04F79EFBC}") = "Gestures.Android", "Gestures\Gestures\Gestures.Android\Gestures.Android.csproj", "{03323932-96F6-4652-A621-102F93FEB5BD}"
EndProject
Project("{FAE04EC0-301F-11D3-BF4B-00C04F79EFBC}") = "Gestures.iOS", "Gestures\Gestures\Gestures.iOS\Gestures.iOS.csproj", "{ED5D385E-1D4E-4352-8650-70589192B258}"
EndProject
Project("{2150E333-8FDC-42A3-9474-1A3956D46DE8}") = "MinimalPlayback", "MinimalPlayback", "{C6916887-253A-4D85-A8EF-424A5FF827F3}"
EndProject
Project("{FAE04EC0-301F-11D3-BF4B-00C04F79EFBC}") = "LibVLCSharp.Android.Sample", "MinimalPlayback\LibVLCSharp.Android.Sample\LibVLCSharp.Android.Sample.csproj", "{3BC0AC7E-3B3B-4D3F-9CC0-B2BDECC460A6}"
EndProject
Project("{FAE04EC0-301F-11D3-BF4B-00C04F79EFBC}") = "LibVLCSharp.WPF.Sample", "MinimalPlayback\LibVLCSharp.WPF.Sample\LibVLCSharp.WPF.Sample.csproj", "{7D7F9419-5F05-41E2-95D4-559C5533C25A}"
EndProject
Project("{FAE04EC0-301F-11D3-BF4B-00C04F79EFBC}") = "LocalNetwork.Android", "LocalNetwork\LocalNetwork.Android\LocalNetwork.Android.csproj", "{24CE3C36-16B9-426D-AA0C-5961ECF8D88C}"
EndProject
Project("{FAE04EC0-301F-11D3-BF4B-00C04F79EFBC}") = "LocalNetwork.iOS", "LocalNetwork\LocalNetwork.iOS\LocalNetwork.iOS.csproj", "{FD627C59-634C-4A51-88F1-B95D57607084}"
EndProject
Project("{9A19103F-16F7-4668-BE54-9A1E7A4F7556}") = "LocalNetwork", "LocalNetwork\LocalNetwork\LocalNetwork.csproj", "{AFAE9423-FD4A-452A-A7D1-E8B28519A68F}"
EndProject
Project("{2150E333-8FDC-42A3-9474-1A3956D46DE8}") = "LocalNetwork", "LocalNetwork", "{E181D755-40DE-4814-A5E0-FFBF9891B1E1}"
EndProject
Project("{FAE04EC0-301F-11D3-BF4B-00C04F79EFBC}") = "LocalNetwork.WPF", "LocalNetwork.WPF\LocalNetwork.WPF.csproj", "{06A07159-DCBB-447F-8EB1-DBBB63B2B5B2}"
EndProject
Global
	GlobalSection(SolutionConfigurationPlatforms) = preSolution
		Ad-Hoc|Any CPU = Ad-Hoc|Any CPU
		Ad-Hoc|iPhone = Ad-Hoc|iPhone
		Ad-Hoc|iPhoneSimulator = Ad-Hoc|iPhoneSimulator
		Ad-Hoc|x64 = Ad-Hoc|x64
		AppStore|Any CPU = AppStore|Any CPU
		AppStore|iPhone = AppStore|iPhone
		AppStore|iPhoneSimulator = AppStore|iPhoneSimulator
		AppStore|x64 = AppStore|x64
		Debug|Any CPU = Debug|Any CPU
		Debug|iPhone = Debug|iPhone
		Debug|iPhoneSimulator = Debug|iPhoneSimulator
		Debug|x64 = Debug|x64
		Release|Any CPU = Release|Any CPU
		Release|iPhone = Release|iPhone
		Release|iPhoneSimulator = Release|iPhoneSimulator
		Release|x64 = Release|x64
	EndGlobalSection
	GlobalSection(ProjectConfigurationPlatforms) = postSolution
		{FDE3B398-7CC4-4DE0-87D4-109A3AC77B65}.Ad-Hoc|Any CPU.ActiveCfg = Release|Any CPU
		{FDE3B398-7CC4-4DE0-87D4-109A3AC77B65}.Ad-Hoc|Any CPU.Build.0 = Release|Any CPU
		{FDE3B398-7CC4-4DE0-87D4-109A3AC77B65}.Ad-Hoc|iPhone.ActiveCfg = Release|Any CPU
		{FDE3B398-7CC4-4DE0-87D4-109A3AC77B65}.Ad-Hoc|iPhone.Build.0 = Release|Any CPU
		{FDE3B398-7CC4-4DE0-87D4-109A3AC77B65}.Ad-Hoc|iPhoneSimulator.ActiveCfg = Release|Any CPU
		{FDE3B398-7CC4-4DE0-87D4-109A3AC77B65}.Ad-Hoc|iPhoneSimulator.Build.0 = Release|Any CPU
		{FDE3B398-7CC4-4DE0-87D4-109A3AC77B65}.Ad-Hoc|x64.ActiveCfg = Debug|Any CPU
		{FDE3B398-7CC4-4DE0-87D4-109A3AC77B65}.Ad-Hoc|x64.Build.0 = Debug|Any CPU
		{FDE3B398-7CC4-4DE0-87D4-109A3AC77B65}.AppStore|Any CPU.ActiveCfg = Release|Any CPU
		{FDE3B398-7CC4-4DE0-87D4-109A3AC77B65}.AppStore|Any CPU.Build.0 = Release|Any CPU
		{FDE3B398-7CC4-4DE0-87D4-109A3AC77B65}.AppStore|iPhone.ActiveCfg = Release|Any CPU
		{FDE3B398-7CC4-4DE0-87D4-109A3AC77B65}.AppStore|iPhone.Build.0 = Release|Any CPU
		{FDE3B398-7CC4-4DE0-87D4-109A3AC77B65}.AppStore|iPhoneSimulator.ActiveCfg = Release|Any CPU
		{FDE3B398-7CC4-4DE0-87D4-109A3AC77B65}.AppStore|iPhoneSimulator.Build.0 = Release|Any CPU
		{FDE3B398-7CC4-4DE0-87D4-109A3AC77B65}.AppStore|x64.ActiveCfg = Debug|Any CPU
		{FDE3B398-7CC4-4DE0-87D4-109A3AC77B65}.AppStore|x64.Build.0 = Debug|Any CPU
		{FDE3B398-7CC4-4DE0-87D4-109A3AC77B65}.Debug|Any CPU.ActiveCfg = Debug|Any CPU
		{FDE3B398-7CC4-4DE0-87D4-109A3AC77B65}.Debug|Any CPU.Build.0 = Debug|Any CPU
		{FDE3B398-7CC4-4DE0-87D4-109A3AC77B65}.Debug|iPhone.ActiveCfg = Debug|Any CPU
		{FDE3B398-7CC4-4DE0-87D4-109A3AC77B65}.Debug|iPhone.Build.0 = Debug|Any CPU
		{FDE3B398-7CC4-4DE0-87D4-109A3AC77B65}.Debug|iPhoneSimulator.ActiveCfg = Debug|Any CPU
		{FDE3B398-7CC4-4DE0-87D4-109A3AC77B65}.Debug|iPhoneSimulator.Build.0 = Debug|Any CPU
		{FDE3B398-7CC4-4DE0-87D4-109A3AC77B65}.Debug|x64.ActiveCfg = Debug|Any CPU
		{FDE3B398-7CC4-4DE0-87D4-109A3AC77B65}.Debug|x64.Build.0 = Debug|Any CPU
		{FDE3B398-7CC4-4DE0-87D4-109A3AC77B65}.Release|Any CPU.ActiveCfg = Release|Any CPU
		{FDE3B398-7CC4-4DE0-87D4-109A3AC77B65}.Release|Any CPU.Build.0 = Release|Any CPU
		{FDE3B398-7CC4-4DE0-87D4-109A3AC77B65}.Release|iPhone.ActiveCfg = Release|Any CPU
		{FDE3B398-7CC4-4DE0-87D4-109A3AC77B65}.Release|iPhone.Build.0 = Release|Any CPU
		{FDE3B398-7CC4-4DE0-87D4-109A3AC77B65}.Release|iPhoneSimulator.ActiveCfg = Release|Any CPU
		{FDE3B398-7CC4-4DE0-87D4-109A3AC77B65}.Release|iPhoneSimulator.Build.0 = Release|Any CPU
		{FDE3B398-7CC4-4DE0-87D4-109A3AC77B65}.Release|x64.ActiveCfg = Release|Any CPU
		{FDE3B398-7CC4-4DE0-87D4-109A3AC77B65}.Release|x64.Build.0 = Release|Any CPU
		{6A216BA8-E619-47CB-AB92-0CBB6D554681}.Ad-Hoc|Any CPU.ActiveCfg = Debug|Any CPU
		{6A216BA8-E619-47CB-AB92-0CBB6D554681}.Ad-Hoc|Any CPU.Build.0 = Debug|Any CPU
		{6A216BA8-E619-47CB-AB92-0CBB6D554681}.Ad-Hoc|iPhone.ActiveCfg = Debug|Any CPU
		{6A216BA8-E619-47CB-AB92-0CBB6D554681}.Ad-Hoc|iPhone.Build.0 = Debug|Any CPU
		{6A216BA8-E619-47CB-AB92-0CBB6D554681}.Ad-Hoc|iPhoneSimulator.ActiveCfg = Debug|Any CPU
		{6A216BA8-E619-47CB-AB92-0CBB6D554681}.Ad-Hoc|iPhoneSimulator.Build.0 = Debug|Any CPU
		{6A216BA8-E619-47CB-AB92-0CBB6D554681}.Ad-Hoc|x64.ActiveCfg = Release|Any CPU
		{6A216BA8-E619-47CB-AB92-0CBB6D554681}.Ad-Hoc|x64.Build.0 = Release|Any CPU
		{6A216BA8-E619-47CB-AB92-0CBB6D554681}.AppStore|Any CPU.ActiveCfg = Debug|Any CPU
		{6A216BA8-E619-47CB-AB92-0CBB6D554681}.AppStore|Any CPU.Build.0 = Debug|Any CPU
		{6A216BA8-E619-47CB-AB92-0CBB6D554681}.AppStore|iPhone.ActiveCfg = Debug|Any CPU
		{6A216BA8-E619-47CB-AB92-0CBB6D554681}.AppStore|iPhone.Build.0 = Debug|Any CPU
		{6A216BA8-E619-47CB-AB92-0CBB6D554681}.AppStore|iPhoneSimulator.ActiveCfg = Debug|Any CPU
		{6A216BA8-E619-47CB-AB92-0CBB6D554681}.AppStore|iPhoneSimulator.Build.0 = Debug|Any CPU
		{6A216BA8-E619-47CB-AB92-0CBB6D554681}.AppStore|x64.ActiveCfg = Release|Any CPU
		{6A216BA8-E619-47CB-AB92-0CBB6D554681}.AppStore|x64.Build.0 = Release|Any CPU
		{6A216BA8-E619-47CB-AB92-0CBB6D554681}.Debug|Any CPU.ActiveCfg = Debug|Any CPU
		{6A216BA8-E619-47CB-AB92-0CBB6D554681}.Debug|Any CPU.Build.0 = Debug|Any CPU
		{6A216BA8-E619-47CB-AB92-0CBB6D554681}.Debug|iPhone.ActiveCfg = Debug|Any CPU
		{6A216BA8-E619-47CB-AB92-0CBB6D554681}.Debug|iPhone.Build.0 = Debug|Any CPU
		{6A216BA8-E619-47CB-AB92-0CBB6D554681}.Debug|iPhoneSimulator.ActiveCfg = Debug|Any CPU
		{6A216BA8-E619-47CB-AB92-0CBB6D554681}.Debug|iPhoneSimulator.Build.0 = Debug|Any CPU
		{6A216BA8-E619-47CB-AB92-0CBB6D554681}.Debug|x64.ActiveCfg = Debug|Any CPU
		{6A216BA8-E619-47CB-AB92-0CBB6D554681}.Debug|x64.Build.0 = Debug|Any CPU
		{6A216BA8-E619-47CB-AB92-0CBB6D554681}.Release|Any CPU.ActiveCfg = Release|Any CPU
		{6A216BA8-E619-47CB-AB92-0CBB6D554681}.Release|Any CPU.Build.0 = Release|Any CPU
		{6A216BA8-E619-47CB-AB92-0CBB6D554681}.Release|iPhone.ActiveCfg = Release|Any CPU
		{6A216BA8-E619-47CB-AB92-0CBB6D554681}.Release|iPhone.Build.0 = Release|Any CPU
		{6A216BA8-E619-47CB-AB92-0CBB6D554681}.Release|iPhoneSimulator.ActiveCfg = Release|Any CPU
		{6A216BA8-E619-47CB-AB92-0CBB6D554681}.Release|iPhoneSimulator.Build.0 = Release|Any CPU
		{6A216BA8-E619-47CB-AB92-0CBB6D554681}.Release|x64.ActiveCfg = Release|Any CPU
		{6A216BA8-E619-47CB-AB92-0CBB6D554681}.Release|x64.Build.0 = Release|Any CPU
		{D032D012-B73D-4042-9666-924CD22FACDE}.Ad-Hoc|Any CPU.ActiveCfg = Release|Any CPU
		{D032D012-B73D-4042-9666-924CD22FACDE}.Ad-Hoc|Any CPU.Build.0 = Release|Any CPU
		{D032D012-B73D-4042-9666-924CD22FACDE}.Ad-Hoc|Any CPU.Deploy.0 = Release|Any CPU
		{D032D012-B73D-4042-9666-924CD22FACDE}.Ad-Hoc|iPhone.ActiveCfg = Release|Any CPU
		{D032D012-B73D-4042-9666-924CD22FACDE}.Ad-Hoc|iPhone.Build.0 = Release|Any CPU
		{D032D012-B73D-4042-9666-924CD22FACDE}.Ad-Hoc|iPhone.Deploy.0 = Release|Any CPU
		{D032D012-B73D-4042-9666-924CD22FACDE}.Ad-Hoc|iPhoneSimulator.ActiveCfg = Release|Any CPU
		{D032D012-B73D-4042-9666-924CD22FACDE}.Ad-Hoc|iPhoneSimulator.Build.0 = Release|Any CPU
		{D032D012-B73D-4042-9666-924CD22FACDE}.Ad-Hoc|iPhoneSimulator.Deploy.0 = Release|Any CPU
		{D032D012-B73D-4042-9666-924CD22FACDE}.Ad-Hoc|x64.ActiveCfg = Debug|Any CPU
		{D032D012-B73D-4042-9666-924CD22FACDE}.Ad-Hoc|x64.Build.0 = Debug|Any CPU
		{D032D012-B73D-4042-9666-924CD22FACDE}.Ad-Hoc|x64.Deploy.0 = Debug|Any CPU
		{D032D012-B73D-4042-9666-924CD22FACDE}.AppStore|Any CPU.ActiveCfg = Release|Any CPU
		{D032D012-B73D-4042-9666-924CD22FACDE}.AppStore|Any CPU.Build.0 = Release|Any CPU
		{D032D012-B73D-4042-9666-924CD22FACDE}.AppStore|Any CPU.Deploy.0 = Release|Any CPU
		{D032D012-B73D-4042-9666-924CD22FACDE}.AppStore|iPhone.ActiveCfg = Release|Any CPU
		{D032D012-B73D-4042-9666-924CD22FACDE}.AppStore|iPhone.Build.0 = Release|Any CPU
		{D032D012-B73D-4042-9666-924CD22FACDE}.AppStore|iPhone.Deploy.0 = Release|Any CPU
		{D032D012-B73D-4042-9666-924CD22FACDE}.AppStore|iPhoneSimulator.ActiveCfg = Release|Any CPU
		{D032D012-B73D-4042-9666-924CD22FACDE}.AppStore|iPhoneSimulator.Build.0 = Release|Any CPU
		{D032D012-B73D-4042-9666-924CD22FACDE}.AppStore|iPhoneSimulator.Deploy.0 = Release|Any CPU
		{D032D012-B73D-4042-9666-924CD22FACDE}.AppStore|x64.ActiveCfg = Debug|Any CPU
		{D032D012-B73D-4042-9666-924CD22FACDE}.AppStore|x64.Build.0 = Debug|Any CPU
		{D032D012-B73D-4042-9666-924CD22FACDE}.AppStore|x64.Deploy.0 = Debug|Any CPU
		{D032D012-B73D-4042-9666-924CD22FACDE}.Debug|Any CPU.ActiveCfg = Debug|Any CPU
		{D032D012-B73D-4042-9666-924CD22FACDE}.Debug|Any CPU.Build.0 = Debug|Any CPU
		{D032D012-B73D-4042-9666-924CD22FACDE}.Debug|Any CPU.Deploy.0 = Debug|Any CPU
		{D032D012-B73D-4042-9666-924CD22FACDE}.Debug|iPhone.ActiveCfg = Debug|Any CPU
		{D032D012-B73D-4042-9666-924CD22FACDE}.Debug|iPhone.Build.0 = Debug|Any CPU
		{D032D012-B73D-4042-9666-924CD22FACDE}.Debug|iPhone.Deploy.0 = Debug|Any CPU
		{D032D012-B73D-4042-9666-924CD22FACDE}.Debug|iPhoneSimulator.ActiveCfg = Debug|Any CPU
		{D032D012-B73D-4042-9666-924CD22FACDE}.Debug|iPhoneSimulator.Build.0 = Debug|Any CPU
		{D032D012-B73D-4042-9666-924CD22FACDE}.Debug|iPhoneSimulator.Deploy.0 = Debug|Any CPU
		{D032D012-B73D-4042-9666-924CD22FACDE}.Debug|x64.ActiveCfg = Debug|Any CPU
		{D032D012-B73D-4042-9666-924CD22FACDE}.Debug|x64.Build.0 = Debug|Any CPU
		{D032D012-B73D-4042-9666-924CD22FACDE}.Debug|x64.Deploy.0 = Debug|Any CPU
		{D032D012-B73D-4042-9666-924CD22FACDE}.Release|Any CPU.ActiveCfg = Release|Any CPU
		{D032D012-B73D-4042-9666-924CD22FACDE}.Release|Any CPU.Build.0 = Release|Any CPU
		{D032D012-B73D-4042-9666-924CD22FACDE}.Release|Any CPU.Deploy.0 = Release|Any CPU
		{D032D012-B73D-4042-9666-924CD22FACDE}.Release|iPhone.ActiveCfg = Release|Any CPU
		{D032D012-B73D-4042-9666-924CD22FACDE}.Release|iPhone.Build.0 = Release|Any CPU
		{D032D012-B73D-4042-9666-924CD22FACDE}.Release|iPhone.Deploy.0 = Release|Any CPU
		{D032D012-B73D-4042-9666-924CD22FACDE}.Release|iPhoneSimulator.ActiveCfg = Release|Any CPU
		{D032D012-B73D-4042-9666-924CD22FACDE}.Release|iPhoneSimulator.Build.0 = Release|Any CPU
		{D032D012-B73D-4042-9666-924CD22FACDE}.Release|iPhoneSimulator.Deploy.0 = Release|Any CPU
		{D032D012-B73D-4042-9666-924CD22FACDE}.Release|x64.ActiveCfg = Release|Any CPU
		{D032D012-B73D-4042-9666-924CD22FACDE}.Release|x64.Build.0 = Release|Any CPU
		{D032D012-B73D-4042-9666-924CD22FACDE}.Release|x64.Deploy.0 = Release|Any CPU
		{C2F17693-3C96-4B56-A47E-BC9696B9AB99}.Ad-Hoc|Any CPU.ActiveCfg = Ad-Hoc|iPhone
		{C2F17693-3C96-4B56-A47E-BC9696B9AB99}.Ad-Hoc|iPhone.ActiveCfg = Ad-Hoc|iPhone
		{C2F17693-3C96-4B56-A47E-BC9696B9AB99}.Ad-Hoc|iPhone.Build.0 = Ad-Hoc|iPhone
		{C2F17693-3C96-4B56-A47E-BC9696B9AB99}.Ad-Hoc|iPhoneSimulator.ActiveCfg = Ad-Hoc|iPhoneSimulator
		{C2F17693-3C96-4B56-A47E-BC9696B9AB99}.Ad-Hoc|iPhoneSimulator.Build.0 = Ad-Hoc|iPhoneSimulator
		{C2F17693-3C96-4B56-A47E-BC9696B9AB99}.Ad-Hoc|x64.ActiveCfg = Ad-Hoc|iPhoneSimulator
		{C2F17693-3C96-4B56-A47E-BC9696B9AB99}.AppStore|Any CPU.ActiveCfg = AppStore|iPhone
		{C2F17693-3C96-4B56-A47E-BC9696B9AB99}.AppStore|iPhone.ActiveCfg = AppStore|iPhone
		{C2F17693-3C96-4B56-A47E-BC9696B9AB99}.AppStore|iPhone.Build.0 = AppStore|iPhone
		{C2F17693-3C96-4B56-A47E-BC9696B9AB99}.AppStore|iPhoneSimulator.ActiveCfg = AppStore|iPhoneSimulator
		{C2F17693-3C96-4B56-A47E-BC9696B9AB99}.AppStore|iPhoneSimulator.Build.0 = AppStore|iPhoneSimulator
		{C2F17693-3C96-4B56-A47E-BC9696B9AB99}.AppStore|x64.ActiveCfg = AppStore|iPhoneSimulator
		{C2F17693-3C96-4B56-A47E-BC9696B9AB99}.Debug|Any CPU.ActiveCfg = Debug|iPhone
		{C2F17693-3C96-4B56-A47E-BC9696B9AB99}.Debug|iPhone.ActiveCfg = Debug|iPhone
		{C2F17693-3C96-4B56-A47E-BC9696B9AB99}.Debug|iPhone.Build.0 = Debug|iPhone
		{C2F17693-3C96-4B56-A47E-BC9696B9AB99}.Debug|iPhoneSimulator.ActiveCfg = Debug|iPhoneSimulator
		{C2F17693-3C96-4B56-A47E-BC9696B9AB99}.Debug|iPhoneSimulator.Build.0 = Debug|iPhoneSimulator
		{C2F17693-3C96-4B56-A47E-BC9696B9AB99}.Debug|x64.ActiveCfg = Debug|iPhoneSimulator
		{C2F17693-3C96-4B56-A47E-BC9696B9AB99}.Release|Any CPU.ActiveCfg = Release|iPhone
		{C2F17693-3C96-4B56-A47E-BC9696B9AB99}.Release|iPhone.ActiveCfg = Release|iPhone
		{C2F17693-3C96-4B56-A47E-BC9696B9AB99}.Release|iPhone.Build.0 = Release|iPhone
		{C2F17693-3C96-4B56-A47E-BC9696B9AB99}.Release|iPhoneSimulator.ActiveCfg = Release|iPhoneSimulator
		{C2F17693-3C96-4B56-A47E-BC9696B9AB99}.Release|iPhoneSimulator.Build.0 = Release|iPhoneSimulator
		{C2F17693-3C96-4B56-A47E-BC9696B9AB99}.Release|x64.ActiveCfg = Release|iPhoneSimulator
		{906EB94F-D675-47B8-A51E-E51A52D18428}.Ad-Hoc|Any CPU.ActiveCfg = Release|Any CPU
		{906EB94F-D675-47B8-A51E-E51A52D18428}.Ad-Hoc|Any CPU.Build.0 = Release|Any CPU
		{906EB94F-D675-47B8-A51E-E51A52D18428}.Ad-Hoc|Any CPU.Deploy.0 = Release|Any CPU
		{906EB94F-D675-47B8-A51E-E51A52D18428}.Ad-Hoc|iPhone.ActiveCfg = Release|Any CPU
		{906EB94F-D675-47B8-A51E-E51A52D18428}.Ad-Hoc|iPhone.Build.0 = Release|Any CPU
		{906EB94F-D675-47B8-A51E-E51A52D18428}.Ad-Hoc|iPhone.Deploy.0 = Release|Any CPU
		{906EB94F-D675-47B8-A51E-E51A52D18428}.Ad-Hoc|iPhoneSimulator.ActiveCfg = Release|Any CPU
		{906EB94F-D675-47B8-A51E-E51A52D18428}.Ad-Hoc|iPhoneSimulator.Build.0 = Release|Any CPU
		{906EB94F-D675-47B8-A51E-E51A52D18428}.Ad-Hoc|iPhoneSimulator.Deploy.0 = Release|Any CPU
		{906EB94F-D675-47B8-A51E-E51A52D18428}.Ad-Hoc|x64.ActiveCfg = Debug|Any CPU
		{906EB94F-D675-47B8-A51E-E51A52D18428}.Ad-Hoc|x64.Build.0 = Debug|Any CPU
		{906EB94F-D675-47B8-A51E-E51A52D18428}.Ad-Hoc|x64.Deploy.0 = Debug|Any CPU
		{906EB94F-D675-47B8-A51E-E51A52D18428}.AppStore|Any CPU.ActiveCfg = Release|Any CPU
		{906EB94F-D675-47B8-A51E-E51A52D18428}.AppStore|Any CPU.Build.0 = Release|Any CPU
		{906EB94F-D675-47B8-A51E-E51A52D18428}.AppStore|Any CPU.Deploy.0 = Release|Any CPU
		{906EB94F-D675-47B8-A51E-E51A52D18428}.AppStore|iPhone.ActiveCfg = Release|Any CPU
		{906EB94F-D675-47B8-A51E-E51A52D18428}.AppStore|iPhone.Build.0 = Release|Any CPU
		{906EB94F-D675-47B8-A51E-E51A52D18428}.AppStore|iPhone.Deploy.0 = Release|Any CPU
		{906EB94F-D675-47B8-A51E-E51A52D18428}.AppStore|iPhoneSimulator.ActiveCfg = Release|Any CPU
		{906EB94F-D675-47B8-A51E-E51A52D18428}.AppStore|iPhoneSimulator.Build.0 = Release|Any CPU
		{906EB94F-D675-47B8-A51E-E51A52D18428}.AppStore|iPhoneSimulator.Deploy.0 = Release|Any CPU
		{906EB94F-D675-47B8-A51E-E51A52D18428}.AppStore|x64.ActiveCfg = Debug|Any CPU
		{906EB94F-D675-47B8-A51E-E51A52D18428}.AppStore|x64.Build.0 = Debug|Any CPU
		{906EB94F-D675-47B8-A51E-E51A52D18428}.AppStore|x64.Deploy.0 = Debug|Any CPU
		{906EB94F-D675-47B8-A51E-E51A52D18428}.Debug|Any CPU.ActiveCfg = Debug|Any CPU
		{906EB94F-D675-47B8-A51E-E51A52D18428}.Debug|Any CPU.Build.0 = Debug|Any CPU
		{906EB94F-D675-47B8-A51E-E51A52D18428}.Debug|Any CPU.Deploy.0 = Debug|Any CPU
		{906EB94F-D675-47B8-A51E-E51A52D18428}.Debug|iPhone.ActiveCfg = Debug|Any CPU
		{906EB94F-D675-47B8-A51E-E51A52D18428}.Debug|iPhone.Build.0 = Debug|Any CPU
		{906EB94F-D675-47B8-A51E-E51A52D18428}.Debug|iPhone.Deploy.0 = Debug|Any CPU
		{906EB94F-D675-47B8-A51E-E51A52D18428}.Debug|iPhoneSimulator.ActiveCfg = Debug|Any CPU
		{906EB94F-D675-47B8-A51E-E51A52D18428}.Debug|iPhoneSimulator.Build.0 = Debug|Any CPU
		{906EB94F-D675-47B8-A51E-E51A52D18428}.Debug|iPhoneSimulator.Deploy.0 = Debug|Any CPU
		{906EB94F-D675-47B8-A51E-E51A52D18428}.Debug|x64.ActiveCfg = Debug|Any CPU
		{906EB94F-D675-47B8-A51E-E51A52D18428}.Debug|x64.Build.0 = Debug|Any CPU
		{906EB94F-D675-47B8-A51E-E51A52D18428}.Debug|x64.Deploy.0 = Debug|Any CPU
		{906EB94F-D675-47B8-A51E-E51A52D18428}.Release|Any CPU.ActiveCfg = Release|Any CPU
		{906EB94F-D675-47B8-A51E-E51A52D18428}.Release|Any CPU.Build.0 = Release|Any CPU
		{906EB94F-D675-47B8-A51E-E51A52D18428}.Release|Any CPU.Deploy.0 = Release|Any CPU
		{906EB94F-D675-47B8-A51E-E51A52D18428}.Release|iPhone.ActiveCfg = Release|Any CPU
		{906EB94F-D675-47B8-A51E-E51A52D18428}.Release|iPhone.Build.0 = Release|Any CPU
		{906EB94F-D675-47B8-A51E-E51A52D18428}.Release|iPhone.Deploy.0 = Release|Any CPU
		{906EB94F-D675-47B8-A51E-E51A52D18428}.Release|iPhoneSimulator.ActiveCfg = Release|Any CPU
		{906EB94F-D675-47B8-A51E-E51A52D18428}.Release|iPhoneSimulator.Build.0 = Release|Any CPU
		{906EB94F-D675-47B8-A51E-E51A52D18428}.Release|iPhoneSimulator.Deploy.0 = Release|Any CPU
		{906EB94F-D675-47B8-A51E-E51A52D18428}.Release|x64.ActiveCfg = Release|Any CPU
		{906EB94F-D675-47B8-A51E-E51A52D18428}.Release|x64.Build.0 = Release|Any CPU
		{906EB94F-D675-47B8-A51E-E51A52D18428}.Release|x64.Deploy.0 = Release|Any CPU
		{BBF481A5-6A92-4B4D-B5F7-4A2A0D8B3DF1}.Ad-Hoc|Any CPU.ActiveCfg = Ad-Hoc|iPhone
		{BBF481A5-6A92-4B4D-B5F7-4A2A0D8B3DF1}.Ad-Hoc|iPhone.ActiveCfg = Ad-Hoc|iPhone
		{BBF481A5-6A92-4B4D-B5F7-4A2A0D8B3DF1}.Ad-Hoc|iPhone.Build.0 = Ad-Hoc|iPhone
		{BBF481A5-6A92-4B4D-B5F7-4A2A0D8B3DF1}.Ad-Hoc|iPhoneSimulator.ActiveCfg = Ad-Hoc|iPhoneSimulator
		{BBF481A5-6A92-4B4D-B5F7-4A2A0D8B3DF1}.Ad-Hoc|iPhoneSimulator.Build.0 = Ad-Hoc|iPhoneSimulator
		{BBF481A5-6A92-4B4D-B5F7-4A2A0D8B3DF1}.Ad-Hoc|x64.ActiveCfg = Ad-Hoc|iPhoneSimulator
		{BBF481A5-6A92-4B4D-B5F7-4A2A0D8B3DF1}.AppStore|Any CPU.ActiveCfg = AppStore|iPhone
		{BBF481A5-6A92-4B4D-B5F7-4A2A0D8B3DF1}.AppStore|iPhone.ActiveCfg = AppStore|iPhone
		{BBF481A5-6A92-4B4D-B5F7-4A2A0D8B3DF1}.AppStore|iPhone.Build.0 = AppStore|iPhone
		{BBF481A5-6A92-4B4D-B5F7-4A2A0D8B3DF1}.AppStore|iPhoneSimulator.ActiveCfg = AppStore|iPhoneSimulator
		{BBF481A5-6A92-4B4D-B5F7-4A2A0D8B3DF1}.AppStore|iPhoneSimulator.Build.0 = AppStore|iPhoneSimulator
		{BBF481A5-6A92-4B4D-B5F7-4A2A0D8B3DF1}.AppStore|x64.ActiveCfg = AppStore|iPhoneSimulator
		{BBF481A5-6A92-4B4D-B5F7-4A2A0D8B3DF1}.Debug|Any CPU.ActiveCfg = Debug|iPhone
		{BBF481A5-6A92-4B4D-B5F7-4A2A0D8B3DF1}.Debug|iPhone.ActiveCfg = Debug|iPhone
		{BBF481A5-6A92-4B4D-B5F7-4A2A0D8B3DF1}.Debug|iPhone.Build.0 = Debug|iPhone
		{BBF481A5-6A92-4B4D-B5F7-4A2A0D8B3DF1}.Debug|iPhoneSimulator.ActiveCfg = Debug|iPhoneSimulator
		{BBF481A5-6A92-4B4D-B5F7-4A2A0D8B3DF1}.Debug|iPhoneSimulator.Build.0 = Debug|iPhoneSimulator
		{BBF481A5-6A92-4B4D-B5F7-4A2A0D8B3DF1}.Debug|x64.ActiveCfg = Debug|iPhoneSimulator
		{BBF481A5-6A92-4B4D-B5F7-4A2A0D8B3DF1}.Release|Any CPU.ActiveCfg = Release|iPhone
		{BBF481A5-6A92-4B4D-B5F7-4A2A0D8B3DF1}.Release|iPhone.ActiveCfg = Release|iPhone
		{BBF481A5-6A92-4B4D-B5F7-4A2A0D8B3DF1}.Release|iPhone.Build.0 = Release|iPhone
		{BBF481A5-6A92-4B4D-B5F7-4A2A0D8B3DF1}.Release|iPhoneSimulator.ActiveCfg = Release|iPhoneSimulator
		{BBF481A5-6A92-4B4D-B5F7-4A2A0D8B3DF1}.Release|iPhoneSimulator.Build.0 = Release|iPhoneSimulator
		{BBF481A5-6A92-4B4D-B5F7-4A2A0D8B3DF1}.Release|x64.ActiveCfg = Release|iPhoneSimulator
		{771F4B68-3862-4D0A-9111-77F1624C08D2}.Ad-Hoc|Any CPU.ActiveCfg = Debug|Any CPU
		{771F4B68-3862-4D0A-9111-77F1624C08D2}.Ad-Hoc|Any CPU.Build.0 = Debug|Any CPU
		{771F4B68-3862-4D0A-9111-77F1624C08D2}.Ad-Hoc|iPhone.ActiveCfg = Debug|Any CPU
		{771F4B68-3862-4D0A-9111-77F1624C08D2}.Ad-Hoc|iPhone.Build.0 = Debug|Any CPU
		{771F4B68-3862-4D0A-9111-77F1624C08D2}.Ad-Hoc|iPhoneSimulator.ActiveCfg = Debug|Any CPU
		{771F4B68-3862-4D0A-9111-77F1624C08D2}.Ad-Hoc|iPhoneSimulator.Build.0 = Debug|Any CPU
		{771F4B68-3862-4D0A-9111-77F1624C08D2}.Ad-Hoc|x64.ActiveCfg = Release|Any CPU
		{771F4B68-3862-4D0A-9111-77F1624C08D2}.Ad-Hoc|x64.Build.0 = Release|Any CPU
		{771F4B68-3862-4D0A-9111-77F1624C08D2}.AppStore|Any CPU.ActiveCfg = Debug|Any CPU
		{771F4B68-3862-4D0A-9111-77F1624C08D2}.AppStore|Any CPU.Build.0 = Debug|Any CPU
		{771F4B68-3862-4D0A-9111-77F1624C08D2}.AppStore|iPhone.ActiveCfg = Debug|Any CPU
		{771F4B68-3862-4D0A-9111-77F1624C08D2}.AppStore|iPhone.Build.0 = Debug|Any CPU
		{771F4B68-3862-4D0A-9111-77F1624C08D2}.AppStore|iPhoneSimulator.ActiveCfg = Debug|Any CPU
		{771F4B68-3862-4D0A-9111-77F1624C08D2}.AppStore|iPhoneSimulator.Build.0 = Debug|Any CPU
		{771F4B68-3862-4D0A-9111-77F1624C08D2}.AppStore|x64.ActiveCfg = Release|Any CPU
		{771F4B68-3862-4D0A-9111-77F1624C08D2}.AppStore|x64.Build.0 = Release|Any CPU
		{771F4B68-3862-4D0A-9111-77F1624C08D2}.Debug|Any CPU.ActiveCfg = Debug|Any CPU
		{771F4B68-3862-4D0A-9111-77F1624C08D2}.Debug|Any CPU.Build.0 = Debug|Any CPU
		{771F4B68-3862-4D0A-9111-77F1624C08D2}.Debug|iPhone.ActiveCfg = Debug|Any CPU
		{771F4B68-3862-4D0A-9111-77F1624C08D2}.Debug|iPhone.Build.0 = Debug|Any CPU
		{771F4B68-3862-4D0A-9111-77F1624C08D2}.Debug|iPhoneSimulator.ActiveCfg = Debug|Any CPU
		{771F4B68-3862-4D0A-9111-77F1624C08D2}.Debug|iPhoneSimulator.Build.0 = Debug|Any CPU
		{771F4B68-3862-4D0A-9111-77F1624C08D2}.Debug|x64.ActiveCfg = Debug|Any CPU
		{771F4B68-3862-4D0A-9111-77F1624C08D2}.Debug|x64.Build.0 = Debug|Any CPU
		{771F4B68-3862-4D0A-9111-77F1624C08D2}.Release|Any CPU.ActiveCfg = Release|Any CPU
		{771F4B68-3862-4D0A-9111-77F1624C08D2}.Release|Any CPU.Build.0 = Release|Any CPU
		{771F4B68-3862-4D0A-9111-77F1624C08D2}.Release|iPhone.ActiveCfg = Release|Any CPU
		{771F4B68-3862-4D0A-9111-77F1624C08D2}.Release|iPhone.Build.0 = Release|Any CPU
		{771F4B68-3862-4D0A-9111-77F1624C08D2}.Release|iPhoneSimulator.ActiveCfg = Release|Any CPU
		{771F4B68-3862-4D0A-9111-77F1624C08D2}.Release|iPhoneSimulator.Build.0 = Release|Any CPU
		{771F4B68-3862-4D0A-9111-77F1624C08D2}.Release|x64.ActiveCfg = Release|Any CPU
		{771F4B68-3862-4D0A-9111-77F1624C08D2}.Release|x64.Build.0 = Release|Any CPU
		{2A036B7D-0ECB-4E75-A608-5794F2622837}.Ad-Hoc|Any CPU.ActiveCfg = Release|Any CPU
		{2A036B7D-0ECB-4E75-A608-5794F2622837}.Ad-Hoc|Any CPU.Build.0 = Release|Any CPU
		{2A036B7D-0ECB-4E75-A608-5794F2622837}.Ad-Hoc|Any CPU.Deploy.0 = Release|Any CPU
		{2A036B7D-0ECB-4E75-A608-5794F2622837}.Ad-Hoc|iPhone.ActiveCfg = Release|Any CPU
		{2A036B7D-0ECB-4E75-A608-5794F2622837}.Ad-Hoc|iPhone.Build.0 = Release|Any CPU
		{2A036B7D-0ECB-4E75-A608-5794F2622837}.Ad-Hoc|iPhone.Deploy.0 = Release|Any CPU
		{2A036B7D-0ECB-4E75-A608-5794F2622837}.Ad-Hoc|iPhoneSimulator.ActiveCfg = Release|Any CPU
		{2A036B7D-0ECB-4E75-A608-5794F2622837}.Ad-Hoc|iPhoneSimulator.Build.0 = Release|Any CPU
		{2A036B7D-0ECB-4E75-A608-5794F2622837}.Ad-Hoc|iPhoneSimulator.Deploy.0 = Release|Any CPU
		{2A036B7D-0ECB-4E75-A608-5794F2622837}.Ad-Hoc|x64.ActiveCfg = Debug|Any CPU
		{2A036B7D-0ECB-4E75-A608-5794F2622837}.Ad-Hoc|x64.Build.0 = Debug|Any CPU
		{2A036B7D-0ECB-4E75-A608-5794F2622837}.Ad-Hoc|x64.Deploy.0 = Debug|Any CPU
		{2A036B7D-0ECB-4E75-A608-5794F2622837}.AppStore|Any CPU.ActiveCfg = Release|Any CPU
		{2A036B7D-0ECB-4E75-A608-5794F2622837}.AppStore|Any CPU.Build.0 = Release|Any CPU
		{2A036B7D-0ECB-4E75-A608-5794F2622837}.AppStore|Any CPU.Deploy.0 = Release|Any CPU
		{2A036B7D-0ECB-4E75-A608-5794F2622837}.AppStore|iPhone.ActiveCfg = Release|Any CPU
		{2A036B7D-0ECB-4E75-A608-5794F2622837}.AppStore|iPhone.Build.0 = Release|Any CPU
		{2A036B7D-0ECB-4E75-A608-5794F2622837}.AppStore|iPhone.Deploy.0 = Release|Any CPU
		{2A036B7D-0ECB-4E75-A608-5794F2622837}.AppStore|iPhoneSimulator.ActiveCfg = Release|Any CPU
		{2A036B7D-0ECB-4E75-A608-5794F2622837}.AppStore|iPhoneSimulator.Build.0 = Release|Any CPU
		{2A036B7D-0ECB-4E75-A608-5794F2622837}.AppStore|iPhoneSimulator.Deploy.0 = Release|Any CPU
		{2A036B7D-0ECB-4E75-A608-5794F2622837}.AppStore|x64.ActiveCfg = Debug|Any CPU
		{2A036B7D-0ECB-4E75-A608-5794F2622837}.AppStore|x64.Build.0 = Debug|Any CPU
		{2A036B7D-0ECB-4E75-A608-5794F2622837}.AppStore|x64.Deploy.0 = Debug|Any CPU
		{2A036B7D-0ECB-4E75-A608-5794F2622837}.Debug|Any CPU.ActiveCfg = Debug|Any CPU
		{2A036B7D-0ECB-4E75-A608-5794F2622837}.Debug|Any CPU.Build.0 = Debug|Any CPU
		{2A036B7D-0ECB-4E75-A608-5794F2622837}.Debug|Any CPU.Deploy.0 = Debug|Any CPU
		{2A036B7D-0ECB-4E75-A608-5794F2622837}.Debug|iPhone.ActiveCfg = Debug|Any CPU
		{2A036B7D-0ECB-4E75-A608-5794F2622837}.Debug|iPhone.Build.0 = Debug|Any CPU
		{2A036B7D-0ECB-4E75-A608-5794F2622837}.Debug|iPhone.Deploy.0 = Debug|Any CPU
		{2A036B7D-0ECB-4E75-A608-5794F2622837}.Debug|iPhoneSimulator.ActiveCfg = Debug|Any CPU
		{2A036B7D-0ECB-4E75-A608-5794F2622837}.Debug|iPhoneSimulator.Build.0 = Debug|Any CPU
		{2A036B7D-0ECB-4E75-A608-5794F2622837}.Debug|iPhoneSimulator.Deploy.0 = Debug|Any CPU
		{2A036B7D-0ECB-4E75-A608-5794F2622837}.Debug|x64.ActiveCfg = Debug|Any CPU
		{2A036B7D-0ECB-4E75-A608-5794F2622837}.Debug|x64.Build.0 = Debug|Any CPU
		{2A036B7D-0ECB-4E75-A608-5794F2622837}.Debug|x64.Deploy.0 = Debug|Any CPU
		{2A036B7D-0ECB-4E75-A608-5794F2622837}.Release|Any CPU.ActiveCfg = Release|Any CPU
		{2A036B7D-0ECB-4E75-A608-5794F2622837}.Release|Any CPU.Build.0 = Release|Any CPU
		{2A036B7D-0ECB-4E75-A608-5794F2622837}.Release|Any CPU.Deploy.0 = Release|Any CPU
		{2A036B7D-0ECB-4E75-A608-5794F2622837}.Release|iPhone.ActiveCfg = Release|Any CPU
		{2A036B7D-0ECB-4E75-A608-5794F2622837}.Release|iPhone.Build.0 = Release|Any CPU
		{2A036B7D-0ECB-4E75-A608-5794F2622837}.Release|iPhone.Deploy.0 = Release|Any CPU
		{2A036B7D-0ECB-4E75-A608-5794F2622837}.Release|iPhoneSimulator.ActiveCfg = Release|Any CPU
		{2A036B7D-0ECB-4E75-A608-5794F2622837}.Release|iPhoneSimulator.Build.0 = Release|Any CPU
		{2A036B7D-0ECB-4E75-A608-5794F2622837}.Release|iPhoneSimulator.Deploy.0 = Release|Any CPU
		{2A036B7D-0ECB-4E75-A608-5794F2622837}.Release|x64.ActiveCfg = Release|Any CPU
		{2A036B7D-0ECB-4E75-A608-5794F2622837}.Release|x64.Build.0 = Release|Any CPU
		{2A036B7D-0ECB-4E75-A608-5794F2622837}.Release|x64.Deploy.0 = Release|Any CPU
		{32863993-BD7F-41F9-B22C-21E4FCD05998}.Ad-Hoc|Any CPU.ActiveCfg = Ad-Hoc|iPhone
		{32863993-BD7F-41F9-B22C-21E4FCD05998}.Ad-Hoc|iPhone.ActiveCfg = Ad-Hoc|iPhone
		{32863993-BD7F-41F9-B22C-21E4FCD05998}.Ad-Hoc|iPhone.Build.0 = Ad-Hoc|iPhone
		{32863993-BD7F-41F9-B22C-21E4FCD05998}.Ad-Hoc|iPhoneSimulator.ActiveCfg = Ad-Hoc|iPhoneSimulator
		{32863993-BD7F-41F9-B22C-21E4FCD05998}.Ad-Hoc|iPhoneSimulator.Build.0 = Ad-Hoc|iPhoneSimulator
		{32863993-BD7F-41F9-B22C-21E4FCD05998}.Ad-Hoc|x64.ActiveCfg = Ad-Hoc|iPhoneSimulator
		{32863993-BD7F-41F9-B22C-21E4FCD05998}.AppStore|Any CPU.ActiveCfg = AppStore|iPhone
		{32863993-BD7F-41F9-B22C-21E4FCD05998}.AppStore|iPhone.ActiveCfg = AppStore|iPhone
		{32863993-BD7F-41F9-B22C-21E4FCD05998}.AppStore|iPhone.Build.0 = AppStore|iPhone
		{32863993-BD7F-41F9-B22C-21E4FCD05998}.AppStore|iPhoneSimulator.ActiveCfg = AppStore|iPhoneSimulator
		{32863993-BD7F-41F9-B22C-21E4FCD05998}.AppStore|iPhoneSimulator.Build.0 = AppStore|iPhoneSimulator
		{32863993-BD7F-41F9-B22C-21E4FCD05998}.AppStore|x64.ActiveCfg = AppStore|iPhoneSimulator
		{32863993-BD7F-41F9-B22C-21E4FCD05998}.Debug|Any CPU.ActiveCfg = Debug|iPhone
		{32863993-BD7F-41F9-B22C-21E4FCD05998}.Debug|iPhone.ActiveCfg = Debug|iPhone
		{32863993-BD7F-41F9-B22C-21E4FCD05998}.Debug|iPhone.Build.0 = Debug|iPhone
		{32863993-BD7F-41F9-B22C-21E4FCD05998}.Debug|iPhoneSimulator.ActiveCfg = Debug|iPhoneSimulator
		{32863993-BD7F-41F9-B22C-21E4FCD05998}.Debug|iPhoneSimulator.Build.0 = Debug|iPhoneSimulator
		{32863993-BD7F-41F9-B22C-21E4FCD05998}.Debug|x64.ActiveCfg = Debug|iPhoneSimulator
		{32863993-BD7F-41F9-B22C-21E4FCD05998}.Release|Any CPU.ActiveCfg = Release|iPhone
		{32863993-BD7F-41F9-B22C-21E4FCD05998}.Release|iPhone.ActiveCfg = Release|iPhone
		{32863993-BD7F-41F9-B22C-21E4FCD05998}.Release|iPhone.Build.0 = Release|iPhone
		{32863993-BD7F-41F9-B22C-21E4FCD05998}.Release|iPhoneSimulator.ActiveCfg = Release|iPhoneSimulator
		{32863993-BD7F-41F9-B22C-21E4FCD05998}.Release|iPhoneSimulator.Build.0 = Release|iPhoneSimulator
		{32863993-BD7F-41F9-B22C-21E4FCD05998}.Release|x64.ActiveCfg = Release|iPhoneSimulator
		{9A168B62-AE4F-42A5-9960-44DE18D04C31}.Ad-Hoc|Any CPU.ActiveCfg = Debug|Any CPU
		{9A168B62-AE4F-42A5-9960-44DE18D04C31}.Ad-Hoc|Any CPU.Build.0 = Debug|Any CPU
		{9A168B62-AE4F-42A5-9960-44DE18D04C31}.Ad-Hoc|iPhone.ActiveCfg = Debug|Any CPU
		{9A168B62-AE4F-42A5-9960-44DE18D04C31}.Ad-Hoc|iPhone.Build.0 = Debug|Any CPU
		{9A168B62-AE4F-42A5-9960-44DE18D04C31}.Ad-Hoc|iPhoneSimulator.ActiveCfg = Release|Any CPU
		{9A168B62-AE4F-42A5-9960-44DE18D04C31}.Ad-Hoc|iPhoneSimulator.Build.0 = Release|Any CPU
		{9A168B62-AE4F-42A5-9960-44DE18D04C31}.Ad-Hoc|x64.ActiveCfg = Release|Any CPU
		{9A168B62-AE4F-42A5-9960-44DE18D04C31}.Ad-Hoc|x64.Build.0 = Release|Any CPU
		{9A168B62-AE4F-42A5-9960-44DE18D04C31}.AppStore|Any CPU.ActiveCfg = Release|Any CPU
		{9A168B62-AE4F-42A5-9960-44DE18D04C31}.AppStore|Any CPU.Build.0 = Release|Any CPU
		{9A168B62-AE4F-42A5-9960-44DE18D04C31}.AppStore|iPhone.ActiveCfg = Release|Any CPU
		{9A168B62-AE4F-42A5-9960-44DE18D04C31}.AppStore|iPhone.Build.0 = Release|Any CPU
		{9A168B62-AE4F-42A5-9960-44DE18D04C31}.AppStore|iPhoneSimulator.ActiveCfg = Release|Any CPU
		{9A168B62-AE4F-42A5-9960-44DE18D04C31}.AppStore|iPhoneSimulator.Build.0 = Release|Any CPU
		{9A168B62-AE4F-42A5-9960-44DE18D04C31}.AppStore|x64.ActiveCfg = Release|Any CPU
		{9A168B62-AE4F-42A5-9960-44DE18D04C31}.AppStore|x64.Build.0 = Release|Any CPU
		{9A168B62-AE4F-42A5-9960-44DE18D04C31}.Debug|Any CPU.ActiveCfg = Debug|Any CPU
		{9A168B62-AE4F-42A5-9960-44DE18D04C31}.Debug|Any CPU.Build.0 = Debug|Any CPU
		{9A168B62-AE4F-42A5-9960-44DE18D04C31}.Debug|iPhone.ActiveCfg = Debug|Any CPU
		{9A168B62-AE4F-42A5-9960-44DE18D04C31}.Debug|iPhone.Build.0 = Debug|Any CPU
		{9A168B62-AE4F-42A5-9960-44DE18D04C31}.Debug|iPhoneSimulator.ActiveCfg = Debug|Any CPU
		{9A168B62-AE4F-42A5-9960-44DE18D04C31}.Debug|iPhoneSimulator.Build.0 = Debug|Any CPU
		{9A168B62-AE4F-42A5-9960-44DE18D04C31}.Debug|x64.ActiveCfg = Debug|Any CPU
		{9A168B62-AE4F-42A5-9960-44DE18D04C31}.Debug|x64.Build.0 = Debug|Any CPU
		{9A168B62-AE4F-42A5-9960-44DE18D04C31}.Release|Any CPU.ActiveCfg = Release|Any CPU
		{9A168B62-AE4F-42A5-9960-44DE18D04C31}.Release|Any CPU.Build.0 = Release|Any CPU
		{9A168B62-AE4F-42A5-9960-44DE18D04C31}.Release|iPhone.ActiveCfg = Release|Any CPU
		{9A168B62-AE4F-42A5-9960-44DE18D04C31}.Release|iPhone.Build.0 = Release|Any CPU
		{9A168B62-AE4F-42A5-9960-44DE18D04C31}.Release|iPhoneSimulator.ActiveCfg = Release|Any CPU
		{9A168B62-AE4F-42A5-9960-44DE18D04C31}.Release|iPhoneSimulator.Build.0 = Release|Any CPU
		{9A168B62-AE4F-42A5-9960-44DE18D04C31}.Release|x64.ActiveCfg = Release|Any CPU
		{9A168B62-AE4F-42A5-9960-44DE18D04C31}.Release|x64.Build.0 = Release|Any CPU
		{E9276DC7-9BD1-4B28-BE5D-ECF1093FB4B1}.Ad-Hoc|Any CPU.ActiveCfg = Debug|Any CPU
		{E9276DC7-9BD1-4B28-BE5D-ECF1093FB4B1}.Ad-Hoc|Any CPU.Build.0 = Debug|Any CPU
		{E9276DC7-9BD1-4B28-BE5D-ECF1093FB4B1}.Ad-Hoc|iPhone.ActiveCfg = Debug|Any CPU
		{E9276DC7-9BD1-4B28-BE5D-ECF1093FB4B1}.Ad-Hoc|iPhone.Build.0 = Debug|Any CPU
		{E9276DC7-9BD1-4B28-BE5D-ECF1093FB4B1}.Ad-Hoc|iPhoneSimulator.ActiveCfg = Debug|Any CPU
		{E9276DC7-9BD1-4B28-BE5D-ECF1093FB4B1}.Ad-Hoc|iPhoneSimulator.Build.0 = Debug|Any CPU
		{E9276DC7-9BD1-4B28-BE5D-ECF1093FB4B1}.Ad-Hoc|x64.ActiveCfg = Release|Any CPU
		{E9276DC7-9BD1-4B28-BE5D-ECF1093FB4B1}.Ad-Hoc|x64.Build.0 = Release|Any CPU
		{E9276DC7-9BD1-4B28-BE5D-ECF1093FB4B1}.AppStore|Any CPU.ActiveCfg = Debug|Any CPU
		{E9276DC7-9BD1-4B28-BE5D-ECF1093FB4B1}.AppStore|Any CPU.Build.0 = Debug|Any CPU
		{E9276DC7-9BD1-4B28-BE5D-ECF1093FB4B1}.AppStore|iPhone.ActiveCfg = Debug|Any CPU
		{E9276DC7-9BD1-4B28-BE5D-ECF1093FB4B1}.AppStore|iPhone.Build.0 = Debug|Any CPU
		{E9276DC7-9BD1-4B28-BE5D-ECF1093FB4B1}.AppStore|iPhoneSimulator.ActiveCfg = Debug|Any CPU
		{E9276DC7-9BD1-4B28-BE5D-ECF1093FB4B1}.AppStore|iPhoneSimulator.Build.0 = Debug|Any CPU
		{E9276DC7-9BD1-4B28-BE5D-ECF1093FB4B1}.AppStore|x64.ActiveCfg = Release|Any CPU
		{E9276DC7-9BD1-4B28-BE5D-ECF1093FB4B1}.AppStore|x64.Build.0 = Release|Any CPU
		{E9276DC7-9BD1-4B28-BE5D-ECF1093FB4B1}.Debug|Any CPU.ActiveCfg = Debug|Any CPU
		{E9276DC7-9BD1-4B28-BE5D-ECF1093FB4B1}.Debug|Any CPU.Build.0 = Debug|Any CPU
		{E9276DC7-9BD1-4B28-BE5D-ECF1093FB4B1}.Debug|iPhone.ActiveCfg = Debug|Any CPU
		{E9276DC7-9BD1-4B28-BE5D-ECF1093FB4B1}.Debug|iPhone.Build.0 = Debug|Any CPU
		{E9276DC7-9BD1-4B28-BE5D-ECF1093FB4B1}.Debug|iPhoneSimulator.ActiveCfg = Debug|Any CPU
		{E9276DC7-9BD1-4B28-BE5D-ECF1093FB4B1}.Debug|iPhoneSimulator.Build.0 = Debug|Any CPU
		{E9276DC7-9BD1-4B28-BE5D-ECF1093FB4B1}.Debug|x64.ActiveCfg = Debug|Any CPU
		{E9276DC7-9BD1-4B28-BE5D-ECF1093FB4B1}.Debug|x64.Build.0 = Debug|Any CPU
		{E9276DC7-9BD1-4B28-BE5D-ECF1093FB4B1}.Release|Any CPU.ActiveCfg = Release|Any CPU
		{E9276DC7-9BD1-4B28-BE5D-ECF1093FB4B1}.Release|Any CPU.Build.0 = Release|Any CPU
		{E9276DC7-9BD1-4B28-BE5D-ECF1093FB4B1}.Release|iPhone.ActiveCfg = Release|Any CPU
		{E9276DC7-9BD1-4B28-BE5D-ECF1093FB4B1}.Release|iPhone.Build.0 = Release|Any CPU
		{E9276DC7-9BD1-4B28-BE5D-ECF1093FB4B1}.Release|iPhoneSimulator.ActiveCfg = Release|Any CPU
		{E9276DC7-9BD1-4B28-BE5D-ECF1093FB4B1}.Release|iPhoneSimulator.Build.0 = Release|Any CPU
		{E9276DC7-9BD1-4B28-BE5D-ECF1093FB4B1}.Release|x64.ActiveCfg = Release|Any CPU
		{E9276DC7-9BD1-4B28-BE5D-ECF1093FB4B1}.Release|x64.Build.0 = Release|Any CPU
		{5C5B9DB8-91CE-4B22-9559-205413D2729A}.Ad-Hoc|Any CPU.ActiveCfg = Release|Any CPU
		{5C5B9DB8-91CE-4B22-9559-205413D2729A}.Ad-Hoc|Any CPU.Build.0 = Release|Any CPU
		{5C5B9DB8-91CE-4B22-9559-205413D2729A}.Ad-Hoc|Any CPU.Deploy.0 = Release|Any CPU
		{5C5B9DB8-91CE-4B22-9559-205413D2729A}.Ad-Hoc|iPhone.ActiveCfg = Release|Any CPU
		{5C5B9DB8-91CE-4B22-9559-205413D2729A}.Ad-Hoc|iPhone.Build.0 = Release|Any CPU
		{5C5B9DB8-91CE-4B22-9559-205413D2729A}.Ad-Hoc|iPhone.Deploy.0 = Release|Any CPU
		{5C5B9DB8-91CE-4B22-9559-205413D2729A}.Ad-Hoc|iPhoneSimulator.ActiveCfg = Release|Any CPU
		{5C5B9DB8-91CE-4B22-9559-205413D2729A}.Ad-Hoc|iPhoneSimulator.Build.0 = Release|Any CPU
		{5C5B9DB8-91CE-4B22-9559-205413D2729A}.Ad-Hoc|iPhoneSimulator.Deploy.0 = Release|Any CPU
		{5C5B9DB8-91CE-4B22-9559-205413D2729A}.Ad-Hoc|x64.ActiveCfg = Debug|Any CPU
		{5C5B9DB8-91CE-4B22-9559-205413D2729A}.Ad-Hoc|x64.Build.0 = Debug|Any CPU
		{5C5B9DB8-91CE-4B22-9559-205413D2729A}.Ad-Hoc|x64.Deploy.0 = Debug|Any CPU
		{5C5B9DB8-91CE-4B22-9559-205413D2729A}.AppStore|Any CPU.ActiveCfg = Release|Any CPU
		{5C5B9DB8-91CE-4B22-9559-205413D2729A}.AppStore|Any CPU.Build.0 = Release|Any CPU
		{5C5B9DB8-91CE-4B22-9559-205413D2729A}.AppStore|Any CPU.Deploy.0 = Release|Any CPU
		{5C5B9DB8-91CE-4B22-9559-205413D2729A}.AppStore|iPhone.ActiveCfg = Release|Any CPU
		{5C5B9DB8-91CE-4B22-9559-205413D2729A}.AppStore|iPhone.Build.0 = Release|Any CPU
		{5C5B9DB8-91CE-4B22-9559-205413D2729A}.AppStore|iPhone.Deploy.0 = Release|Any CPU
		{5C5B9DB8-91CE-4B22-9559-205413D2729A}.AppStore|iPhoneSimulator.ActiveCfg = Release|Any CPU
		{5C5B9DB8-91CE-4B22-9559-205413D2729A}.AppStore|iPhoneSimulator.Build.0 = Release|Any CPU
		{5C5B9DB8-91CE-4B22-9559-205413D2729A}.AppStore|iPhoneSimulator.Deploy.0 = Release|Any CPU
		{5C5B9DB8-91CE-4B22-9559-205413D2729A}.AppStore|x64.ActiveCfg = Debug|Any CPU
		{5C5B9DB8-91CE-4B22-9559-205413D2729A}.AppStore|x64.Build.0 = Debug|Any CPU
		{5C5B9DB8-91CE-4B22-9559-205413D2729A}.AppStore|x64.Deploy.0 = Debug|Any CPU
		{5C5B9DB8-91CE-4B22-9559-205413D2729A}.Debug|Any CPU.ActiveCfg = Debug|Any CPU
		{5C5B9DB8-91CE-4B22-9559-205413D2729A}.Debug|Any CPU.Build.0 = Debug|Any CPU
		{5C5B9DB8-91CE-4B22-9559-205413D2729A}.Debug|Any CPU.Deploy.0 = Debug|Any CPU
		{5C5B9DB8-91CE-4B22-9559-205413D2729A}.Debug|iPhone.ActiveCfg = Debug|Any CPU
		{5C5B9DB8-91CE-4B22-9559-205413D2729A}.Debug|iPhone.Build.0 = Debug|Any CPU
		{5C5B9DB8-91CE-4B22-9559-205413D2729A}.Debug|iPhone.Deploy.0 = Debug|Any CPU
		{5C5B9DB8-91CE-4B22-9559-205413D2729A}.Debug|iPhoneSimulator.ActiveCfg = Debug|Any CPU
		{5C5B9DB8-91CE-4B22-9559-205413D2729A}.Debug|iPhoneSimulator.Build.0 = Debug|Any CPU
		{5C5B9DB8-91CE-4B22-9559-205413D2729A}.Debug|iPhoneSimulator.Deploy.0 = Debug|Any CPU
		{5C5B9DB8-91CE-4B22-9559-205413D2729A}.Debug|x64.ActiveCfg = Debug|Any CPU
		{5C5B9DB8-91CE-4B22-9559-205413D2729A}.Debug|x64.Build.0 = Debug|Any CPU
		{5C5B9DB8-91CE-4B22-9559-205413D2729A}.Debug|x64.Deploy.0 = Debug|Any CPU
		{5C5B9DB8-91CE-4B22-9559-205413D2729A}.Release|Any CPU.ActiveCfg = Release|Any CPU
		{5C5B9DB8-91CE-4B22-9559-205413D2729A}.Release|Any CPU.Build.0 = Release|Any CPU
		{5C5B9DB8-91CE-4B22-9559-205413D2729A}.Release|Any CPU.Deploy.0 = Release|Any CPU
		{5C5B9DB8-91CE-4B22-9559-205413D2729A}.Release|iPhone.ActiveCfg = Release|Any CPU
		{5C5B9DB8-91CE-4B22-9559-205413D2729A}.Release|iPhone.Build.0 = Release|Any CPU
		{5C5B9DB8-91CE-4B22-9559-205413D2729A}.Release|iPhone.Deploy.0 = Release|Any CPU
		{5C5B9DB8-91CE-4B22-9559-205413D2729A}.Release|iPhoneSimulator.ActiveCfg = Release|Any CPU
		{5C5B9DB8-91CE-4B22-9559-205413D2729A}.Release|iPhoneSimulator.Build.0 = Release|Any CPU
		{5C5B9DB8-91CE-4B22-9559-205413D2729A}.Release|iPhoneSimulator.Deploy.0 = Release|Any CPU
		{5C5B9DB8-91CE-4B22-9559-205413D2729A}.Release|x64.ActiveCfg = Release|Any CPU
		{5C5B9DB8-91CE-4B22-9559-205413D2729A}.Release|x64.Build.0 = Release|Any CPU
		{5C5B9DB8-91CE-4B22-9559-205413D2729A}.Release|x64.Deploy.0 = Release|Any CPU
		{C9F0F801-61E0-4297-B3AB-32FCA8998395}.Ad-Hoc|Any CPU.ActiveCfg = Ad-Hoc|iPhone
		{C9F0F801-61E0-4297-B3AB-32FCA8998395}.Ad-Hoc|iPhone.ActiveCfg = Ad-Hoc|iPhone
		{C9F0F801-61E0-4297-B3AB-32FCA8998395}.Ad-Hoc|iPhone.Build.0 = Ad-Hoc|iPhone
		{C9F0F801-61E0-4297-B3AB-32FCA8998395}.Ad-Hoc|iPhoneSimulator.ActiveCfg = Ad-Hoc|iPhoneSimulator
		{C9F0F801-61E0-4297-B3AB-32FCA8998395}.Ad-Hoc|iPhoneSimulator.Build.0 = Ad-Hoc|iPhoneSimulator
		{C9F0F801-61E0-4297-B3AB-32FCA8998395}.Ad-Hoc|x64.ActiveCfg = Ad-Hoc|iPhoneSimulator
		{C9F0F801-61E0-4297-B3AB-32FCA8998395}.AppStore|Any CPU.ActiveCfg = AppStore|iPhone
		{C9F0F801-61E0-4297-B3AB-32FCA8998395}.AppStore|iPhone.ActiveCfg = AppStore|iPhone
		{C9F0F801-61E0-4297-B3AB-32FCA8998395}.AppStore|iPhone.Build.0 = AppStore|iPhone
		{C9F0F801-61E0-4297-B3AB-32FCA8998395}.AppStore|iPhoneSimulator.ActiveCfg = AppStore|iPhoneSimulator
		{C9F0F801-61E0-4297-B3AB-32FCA8998395}.AppStore|iPhoneSimulator.Build.0 = AppStore|iPhoneSimulator
		{C9F0F801-61E0-4297-B3AB-32FCA8998395}.AppStore|x64.ActiveCfg = AppStore|iPhoneSimulator
		{C9F0F801-61E0-4297-B3AB-32FCA8998395}.Debug|Any CPU.ActiveCfg = Debug|iPhone
		{C9F0F801-61E0-4297-B3AB-32FCA8998395}.Debug|iPhone.ActiveCfg = Debug|iPhone
		{C9F0F801-61E0-4297-B3AB-32FCA8998395}.Debug|iPhone.Build.0 = Debug|iPhone
		{C9F0F801-61E0-4297-B3AB-32FCA8998395}.Debug|iPhoneSimulator.ActiveCfg = Debug|iPhoneSimulator
		{C9F0F801-61E0-4297-B3AB-32FCA8998395}.Debug|iPhoneSimulator.Build.0 = Debug|iPhoneSimulator
		{C9F0F801-61E0-4297-B3AB-32FCA8998395}.Debug|x64.ActiveCfg = Debug|iPhoneSimulator
		{C9F0F801-61E0-4297-B3AB-32FCA8998395}.Release|Any CPU.ActiveCfg = Release|iPhone
		{C9F0F801-61E0-4297-B3AB-32FCA8998395}.Release|iPhone.ActiveCfg = Release|iPhone
		{C9F0F801-61E0-4297-B3AB-32FCA8998395}.Release|iPhone.Build.0 = Release|iPhone
		{C9F0F801-61E0-4297-B3AB-32FCA8998395}.Release|iPhoneSimulator.ActiveCfg = Release|iPhoneSimulator
		{C9F0F801-61E0-4297-B3AB-32FCA8998395}.Release|iPhoneSimulator.Build.0 = Release|iPhoneSimulator
		{C9F0F801-61E0-4297-B3AB-32FCA8998395}.Release|x64.ActiveCfg = Release|iPhoneSimulator
		{34324FD2-0654-47A6-8ADC-90EC5AE5987F}.Ad-Hoc|Any CPU.ActiveCfg = Debug|Any CPU
		{34324FD2-0654-47A6-8ADC-90EC5AE5987F}.Ad-Hoc|Any CPU.Build.0 = Debug|Any CPU
		{34324FD2-0654-47A6-8ADC-90EC5AE5987F}.Ad-Hoc|iPhone.ActiveCfg = Debug|Any CPU
		{34324FD2-0654-47A6-8ADC-90EC5AE5987F}.Ad-Hoc|iPhone.Build.0 = Debug|Any CPU
		{34324FD2-0654-47A6-8ADC-90EC5AE5987F}.Ad-Hoc|iPhoneSimulator.ActiveCfg = Debug|Any CPU
		{34324FD2-0654-47A6-8ADC-90EC5AE5987F}.Ad-Hoc|iPhoneSimulator.Build.0 = Debug|Any CPU
		{34324FD2-0654-47A6-8ADC-90EC5AE5987F}.Ad-Hoc|x64.ActiveCfg = Release|x64
		{34324FD2-0654-47A6-8ADC-90EC5AE5987F}.Ad-Hoc|x64.Build.0 = Release|x64
		{34324FD2-0654-47A6-8ADC-90EC5AE5987F}.AppStore|Any CPU.ActiveCfg = Debug|Any CPU
		{34324FD2-0654-47A6-8ADC-90EC5AE5987F}.AppStore|Any CPU.Build.0 = Debug|Any CPU
		{34324FD2-0654-47A6-8ADC-90EC5AE5987F}.AppStore|iPhone.ActiveCfg = Debug|Any CPU
		{34324FD2-0654-47A6-8ADC-90EC5AE5987F}.AppStore|iPhone.Build.0 = Debug|Any CPU
		{34324FD2-0654-47A6-8ADC-90EC5AE5987F}.AppStore|iPhoneSimulator.ActiveCfg = Debug|Any CPU
		{34324FD2-0654-47A6-8ADC-90EC5AE5987F}.AppStore|iPhoneSimulator.Build.0 = Debug|Any CPU
		{34324FD2-0654-47A6-8ADC-90EC5AE5987F}.AppStore|x64.ActiveCfg = Release|x64
		{34324FD2-0654-47A6-8ADC-90EC5AE5987F}.AppStore|x64.Build.0 = Release|x64
		{34324FD2-0654-47A6-8ADC-90EC5AE5987F}.Debug|Any CPU.ActiveCfg = Debug|Any CPU
		{34324FD2-0654-47A6-8ADC-90EC5AE5987F}.Debug|Any CPU.Build.0 = Debug|Any CPU
		{34324FD2-0654-47A6-8ADC-90EC5AE5987F}.Debug|iPhone.ActiveCfg = Debug|Any CPU
		{34324FD2-0654-47A6-8ADC-90EC5AE5987F}.Debug|iPhone.Build.0 = Debug|Any CPU
		{34324FD2-0654-47A6-8ADC-90EC5AE5987F}.Debug|iPhoneSimulator.ActiveCfg = Debug|Any CPU
		{34324FD2-0654-47A6-8ADC-90EC5AE5987F}.Debug|iPhoneSimulator.Build.0 = Debug|Any CPU
		{34324FD2-0654-47A6-8ADC-90EC5AE5987F}.Debug|x64.ActiveCfg = Debug|x64
		{34324FD2-0654-47A6-8ADC-90EC5AE5987F}.Debug|x64.Build.0 = Debug|x64
		{34324FD2-0654-47A6-8ADC-90EC5AE5987F}.Release|Any CPU.ActiveCfg = Release|Any CPU
		{34324FD2-0654-47A6-8ADC-90EC5AE5987F}.Release|Any CPU.Build.0 = Release|Any CPU
		{34324FD2-0654-47A6-8ADC-90EC5AE5987F}.Release|iPhone.ActiveCfg = Release|Any CPU
		{34324FD2-0654-47A6-8ADC-90EC5AE5987F}.Release|iPhone.Build.0 = Release|Any CPU
		{34324FD2-0654-47A6-8ADC-90EC5AE5987F}.Release|iPhoneSimulator.ActiveCfg = Release|Any CPU
		{34324FD2-0654-47A6-8ADC-90EC5AE5987F}.Release|iPhoneSimulator.Build.0 = Release|Any CPU
		{34324FD2-0654-47A6-8ADC-90EC5AE5987F}.Release|x64.ActiveCfg = Release|x64
		{34324FD2-0654-47A6-8ADC-90EC5AE5987F}.Release|x64.Build.0 = Release|x64
		{9F30452C-20BF-48C7-B755-4F3D34E9C9C8}.Ad-Hoc|Any CPU.ActiveCfg = Debug|Any CPU
		{9F30452C-20BF-48C7-B755-4F3D34E9C9C8}.Ad-Hoc|Any CPU.Build.0 = Debug|Any CPU
		{9F30452C-20BF-48C7-B755-4F3D34E9C9C8}.Ad-Hoc|iPhone.ActiveCfg = Debug|Any CPU
		{9F30452C-20BF-48C7-B755-4F3D34E9C9C8}.Ad-Hoc|iPhone.Build.0 = Debug|Any CPU
		{9F30452C-20BF-48C7-B755-4F3D34E9C9C8}.Ad-Hoc|iPhoneSimulator.ActiveCfg = Debug|Any CPU
		{9F30452C-20BF-48C7-B755-4F3D34E9C9C8}.Ad-Hoc|iPhoneSimulator.Build.0 = Debug|Any CPU
		{9F30452C-20BF-48C7-B755-4F3D34E9C9C8}.Ad-Hoc|x64.ActiveCfg = Release|Any CPU
		{9F30452C-20BF-48C7-B755-4F3D34E9C9C8}.Ad-Hoc|x64.Build.0 = Release|Any CPU
		{9F30452C-20BF-48C7-B755-4F3D34E9C9C8}.AppStore|Any CPU.ActiveCfg = Debug|Any CPU
		{9F30452C-20BF-48C7-B755-4F3D34E9C9C8}.AppStore|Any CPU.Build.0 = Debug|Any CPU
		{9F30452C-20BF-48C7-B755-4F3D34E9C9C8}.AppStore|iPhone.ActiveCfg = Debug|Any CPU
		{9F30452C-20BF-48C7-B755-4F3D34E9C9C8}.AppStore|iPhone.Build.0 = Debug|Any CPU
		{9F30452C-20BF-48C7-B755-4F3D34E9C9C8}.AppStore|iPhoneSimulator.ActiveCfg = Debug|Any CPU
		{9F30452C-20BF-48C7-B755-4F3D34E9C9C8}.AppStore|iPhoneSimulator.Build.0 = Debug|Any CPU
		{9F30452C-20BF-48C7-B755-4F3D34E9C9C8}.AppStore|x64.ActiveCfg = Release|Any CPU
		{9F30452C-20BF-48C7-B755-4F3D34E9C9C8}.AppStore|x64.Build.0 = Release|Any CPU
		{9F30452C-20BF-48C7-B755-4F3D34E9C9C8}.Debug|Any CPU.ActiveCfg = Debug|Any CPU
		{9F30452C-20BF-48C7-B755-4F3D34E9C9C8}.Debug|Any CPU.Build.0 = Debug|Any CPU
		{9F30452C-20BF-48C7-B755-4F3D34E9C9C8}.Debug|iPhone.ActiveCfg = Debug|Any CPU
		{9F30452C-20BF-48C7-B755-4F3D34E9C9C8}.Debug|iPhone.Build.0 = Debug|Any CPU
		{9F30452C-20BF-48C7-B755-4F3D34E9C9C8}.Debug|iPhoneSimulator.ActiveCfg = Debug|Any CPU
		{9F30452C-20BF-48C7-B755-4F3D34E9C9C8}.Debug|iPhoneSimulator.Build.0 = Debug|Any CPU
		{9F30452C-20BF-48C7-B755-4F3D34E9C9C8}.Debug|x64.ActiveCfg = Debug|Any CPU
		{9F30452C-20BF-48C7-B755-4F3D34E9C9C8}.Debug|x64.Build.0 = Debug|Any CPU
		{9F30452C-20BF-48C7-B755-4F3D34E9C9C8}.Release|Any CPU.ActiveCfg = Release|Any CPU
		{9F30452C-20BF-48C7-B755-4F3D34E9C9C8}.Release|Any CPU.Build.0 = Release|Any CPU
		{9F30452C-20BF-48C7-B755-4F3D34E9C9C8}.Release|iPhone.ActiveCfg = Release|Any CPU
		{9F30452C-20BF-48C7-B755-4F3D34E9C9C8}.Release|iPhone.Build.0 = Release|Any CPU
		{9F30452C-20BF-48C7-B755-4F3D34E9C9C8}.Release|iPhoneSimulator.ActiveCfg = Release|Any CPU
		{9F30452C-20BF-48C7-B755-4F3D34E9C9C8}.Release|iPhoneSimulator.Build.0 = Release|Any CPU
		{9F30452C-20BF-48C7-B755-4F3D34E9C9C8}.Release|x64.ActiveCfg = Release|Any CPU
		{9F30452C-20BF-48C7-B755-4F3D34E9C9C8}.Release|x64.Build.0 = Release|Any CPU
		{DA4B246C-D402-48F3-8600-E635A718B3AA}.Ad-Hoc|Any CPU.ActiveCfg = Debug|Any CPU
		{DA4B246C-D402-48F3-8600-E635A718B3AA}.Ad-Hoc|Any CPU.Build.0 = Debug|Any CPU
		{DA4B246C-D402-48F3-8600-E635A718B3AA}.Ad-Hoc|iPhone.ActiveCfg = Debug|Any CPU
		{DA4B246C-D402-48F3-8600-E635A718B3AA}.Ad-Hoc|iPhone.Build.0 = Debug|Any CPU
		{DA4B246C-D402-48F3-8600-E635A718B3AA}.Ad-Hoc|iPhoneSimulator.ActiveCfg = Debug|Any CPU
		{DA4B246C-D402-48F3-8600-E635A718B3AA}.Ad-Hoc|iPhoneSimulator.Build.0 = Debug|Any CPU
		{DA4B246C-D402-48F3-8600-E635A718B3AA}.Ad-Hoc|x64.ActiveCfg = Debug|Any CPU
		{DA4B246C-D402-48F3-8600-E635A718B3AA}.Ad-Hoc|x64.Build.0 = Debug|Any CPU
		{DA4B246C-D402-48F3-8600-E635A718B3AA}.AppStore|Any CPU.ActiveCfg = Debug|Any CPU
		{DA4B246C-D402-48F3-8600-E635A718B3AA}.AppStore|Any CPU.Build.0 = Debug|Any CPU
		{DA4B246C-D402-48F3-8600-E635A718B3AA}.AppStore|iPhone.ActiveCfg = Debug|Any CPU
		{DA4B246C-D402-48F3-8600-E635A718B3AA}.AppStore|iPhone.Build.0 = Debug|Any CPU
		{DA4B246C-D402-48F3-8600-E635A718B3AA}.AppStore|iPhoneSimulator.ActiveCfg = Debug|Any CPU
		{DA4B246C-D402-48F3-8600-E635A718B3AA}.AppStore|iPhoneSimulator.Build.0 = Debug|Any CPU
		{DA4B246C-D402-48F3-8600-E635A718B3AA}.AppStore|x64.ActiveCfg = Debug|Any CPU
		{DA4B246C-D402-48F3-8600-E635A718B3AA}.AppStore|x64.Build.0 = Debug|Any CPU
		{DA4B246C-D402-48F3-8600-E635A718B3AA}.Debug|Any CPU.ActiveCfg = Debug|Any CPU
		{DA4B246C-D402-48F3-8600-E635A718B3AA}.Debug|Any CPU.Build.0 = Debug|Any CPU
		{DA4B246C-D402-48F3-8600-E635A718B3AA}.Debug|iPhone.ActiveCfg = Debug|Any CPU
		{DA4B246C-D402-48F3-8600-E635A718B3AA}.Debug|iPhone.Build.0 = Debug|Any CPU
		{DA4B246C-D402-48F3-8600-E635A718B3AA}.Debug|iPhoneSimulator.ActiveCfg = Debug|Any CPU
		{DA4B246C-D402-48F3-8600-E635A718B3AA}.Debug|iPhoneSimulator.Build.0 = Debug|Any CPU
		{DA4B246C-D402-48F3-8600-E635A718B3AA}.Debug|x64.ActiveCfg = Debug|Any CPU
		{DA4B246C-D402-48F3-8600-E635A718B3AA}.Debug|x64.Build.0 = Debug|Any CPU
		{DA4B246C-D402-48F3-8600-E635A718B3AA}.Release|Any CPU.ActiveCfg = Release|Any CPU
		{DA4B246C-D402-48F3-8600-E635A718B3AA}.Release|Any CPU.Build.0 = Release|Any CPU
		{DA4B246C-D402-48F3-8600-E635A718B3AA}.Release|iPhone.ActiveCfg = Release|Any CPU
		{DA4B246C-D402-48F3-8600-E635A718B3AA}.Release|iPhone.Build.0 = Release|Any CPU
		{DA4B246C-D402-48F3-8600-E635A718B3AA}.Release|iPhoneSimulator.ActiveCfg = Release|Any CPU
		{DA4B246C-D402-48F3-8600-E635A718B3AA}.Release|iPhoneSimulator.Build.0 = Release|Any CPU
		{DA4B246C-D402-48F3-8600-E635A718B3AA}.Release|x64.ActiveCfg = Release|Any CPU
		{DA4B246C-D402-48F3-8600-E635A718B3AA}.Release|x64.Build.0 = Release|Any CPU
		{03323932-96F6-4652-A621-102F93FEB5BD}.Ad-Hoc|Any CPU.ActiveCfg = Release|Any CPU
		{03323932-96F6-4652-A621-102F93FEB5BD}.Ad-Hoc|Any CPU.Build.0 = Release|Any CPU
		{03323932-96F6-4652-A621-102F93FEB5BD}.Ad-Hoc|Any CPU.Deploy.0 = Release|Any CPU
		{03323932-96F6-4652-A621-102F93FEB5BD}.Ad-Hoc|iPhone.ActiveCfg = Release|Any CPU
		{03323932-96F6-4652-A621-102F93FEB5BD}.Ad-Hoc|iPhone.Build.0 = Release|Any CPU
		{03323932-96F6-4652-A621-102F93FEB5BD}.Ad-Hoc|iPhone.Deploy.0 = Release|Any CPU
		{03323932-96F6-4652-A621-102F93FEB5BD}.Ad-Hoc|iPhoneSimulator.ActiveCfg = Release|Any CPU
		{03323932-96F6-4652-A621-102F93FEB5BD}.Ad-Hoc|iPhoneSimulator.Build.0 = Release|Any CPU
		{03323932-96F6-4652-A621-102F93FEB5BD}.Ad-Hoc|iPhoneSimulator.Deploy.0 = Release|Any CPU
		{03323932-96F6-4652-A621-102F93FEB5BD}.Ad-Hoc|x64.ActiveCfg = Release|Any CPU
		{03323932-96F6-4652-A621-102F93FEB5BD}.Ad-Hoc|x64.Build.0 = Release|Any CPU
		{03323932-96F6-4652-A621-102F93FEB5BD}.Ad-Hoc|x64.Deploy.0 = Release|Any CPU
		{03323932-96F6-4652-A621-102F93FEB5BD}.AppStore|Any CPU.ActiveCfg = Release|Any CPU
		{03323932-96F6-4652-A621-102F93FEB5BD}.AppStore|Any CPU.Build.0 = Release|Any CPU
		{03323932-96F6-4652-A621-102F93FEB5BD}.AppStore|Any CPU.Deploy.0 = Release|Any CPU
		{03323932-96F6-4652-A621-102F93FEB5BD}.AppStore|iPhone.ActiveCfg = Release|Any CPU
		{03323932-96F6-4652-A621-102F93FEB5BD}.AppStore|iPhone.Build.0 = Release|Any CPU
		{03323932-96F6-4652-A621-102F93FEB5BD}.AppStore|iPhone.Deploy.0 = Release|Any CPU
		{03323932-96F6-4652-A621-102F93FEB5BD}.AppStore|iPhoneSimulator.ActiveCfg = Release|Any CPU
		{03323932-96F6-4652-A621-102F93FEB5BD}.AppStore|iPhoneSimulator.Build.0 = Release|Any CPU
		{03323932-96F6-4652-A621-102F93FEB5BD}.AppStore|iPhoneSimulator.Deploy.0 = Release|Any CPU
		{03323932-96F6-4652-A621-102F93FEB5BD}.AppStore|x64.ActiveCfg = Release|Any CPU
		{03323932-96F6-4652-A621-102F93FEB5BD}.AppStore|x64.Build.0 = Release|Any CPU
		{03323932-96F6-4652-A621-102F93FEB5BD}.AppStore|x64.Deploy.0 = Release|Any CPU
		{03323932-96F6-4652-A621-102F93FEB5BD}.Debug|Any CPU.ActiveCfg = Debug|Any CPU
		{03323932-96F6-4652-A621-102F93FEB5BD}.Debug|Any CPU.Build.0 = Debug|Any CPU
		{03323932-96F6-4652-A621-102F93FEB5BD}.Debug|Any CPU.Deploy.0 = Debug|Any CPU
		{03323932-96F6-4652-A621-102F93FEB5BD}.Debug|iPhone.ActiveCfg = Debug|Any CPU
		{03323932-96F6-4652-A621-102F93FEB5BD}.Debug|iPhone.Build.0 = Debug|Any CPU
		{03323932-96F6-4652-A621-102F93FEB5BD}.Debug|iPhone.Deploy.0 = Debug|Any CPU
		{03323932-96F6-4652-A621-102F93FEB5BD}.Debug|iPhoneSimulator.ActiveCfg = Debug|Any CPU
		{03323932-96F6-4652-A621-102F93FEB5BD}.Debug|iPhoneSimulator.Build.0 = Debug|Any CPU
		{03323932-96F6-4652-A621-102F93FEB5BD}.Debug|iPhoneSimulator.Deploy.0 = Debug|Any CPU
		{03323932-96F6-4652-A621-102F93FEB5BD}.Debug|x64.ActiveCfg = Debug|Any CPU
		{03323932-96F6-4652-A621-102F93FEB5BD}.Debug|x64.Build.0 = Debug|Any CPU
		{03323932-96F6-4652-A621-102F93FEB5BD}.Debug|x64.Deploy.0 = Debug|Any CPU
		{03323932-96F6-4652-A621-102F93FEB5BD}.Release|Any CPU.ActiveCfg = Release|Any CPU
		{03323932-96F6-4652-A621-102F93FEB5BD}.Release|Any CPU.Build.0 = Release|Any CPU
		{03323932-96F6-4652-A621-102F93FEB5BD}.Release|Any CPU.Deploy.0 = Release|Any CPU
		{03323932-96F6-4652-A621-102F93FEB5BD}.Release|iPhone.ActiveCfg = Release|Any CPU
		{03323932-96F6-4652-A621-102F93FEB5BD}.Release|iPhone.Build.0 = Release|Any CPU
		{03323932-96F6-4652-A621-102F93FEB5BD}.Release|iPhone.Deploy.0 = Release|Any CPU
		{03323932-96F6-4652-A621-102F93FEB5BD}.Release|iPhoneSimulator.ActiveCfg = Release|Any CPU
		{03323932-96F6-4652-A621-102F93FEB5BD}.Release|iPhoneSimulator.Build.0 = Release|Any CPU
		{03323932-96F6-4652-A621-102F93FEB5BD}.Release|iPhoneSimulator.Deploy.0 = Release|Any CPU
		{03323932-96F6-4652-A621-102F93FEB5BD}.Release|x64.ActiveCfg = Release|Any CPU
		{03323932-96F6-4652-A621-102F93FEB5BD}.Release|x64.Build.0 = Release|Any CPU
		{03323932-96F6-4652-A621-102F93FEB5BD}.Release|x64.Deploy.0 = Release|Any CPU
		{ED5D385E-1D4E-4352-8650-70589192B258}.Ad-Hoc|Any CPU.ActiveCfg = Ad-Hoc|iPhone
		{ED5D385E-1D4E-4352-8650-70589192B258}.Ad-Hoc|iPhone.ActiveCfg = Ad-Hoc|iPhone
		{ED5D385E-1D4E-4352-8650-70589192B258}.Ad-Hoc|iPhone.Build.0 = Ad-Hoc|iPhone
		{ED5D385E-1D4E-4352-8650-70589192B258}.Ad-Hoc|iPhoneSimulator.ActiveCfg = Ad-Hoc|iPhoneSimulator
		{ED5D385E-1D4E-4352-8650-70589192B258}.Ad-Hoc|iPhoneSimulator.Build.0 = Ad-Hoc|iPhoneSimulator
		{ED5D385E-1D4E-4352-8650-70589192B258}.Ad-Hoc|x64.ActiveCfg = Ad-Hoc|iPhone
		{ED5D385E-1D4E-4352-8650-70589192B258}.AppStore|Any CPU.ActiveCfg = AppStore|iPhone
		{ED5D385E-1D4E-4352-8650-70589192B258}.AppStore|iPhone.ActiveCfg = AppStore|iPhone
		{ED5D385E-1D4E-4352-8650-70589192B258}.AppStore|iPhone.Build.0 = AppStore|iPhone
		{ED5D385E-1D4E-4352-8650-70589192B258}.AppStore|iPhoneSimulator.ActiveCfg = AppStore|iPhoneSimulator
		{ED5D385E-1D4E-4352-8650-70589192B258}.AppStore|iPhoneSimulator.Build.0 = AppStore|iPhoneSimulator
		{ED5D385E-1D4E-4352-8650-70589192B258}.AppStore|x64.ActiveCfg = AppStore|iPhone
		{ED5D385E-1D4E-4352-8650-70589192B258}.Debug|Any CPU.ActiveCfg = Debug|iPhone
		{ED5D385E-1D4E-4352-8650-70589192B258}.Debug|iPhone.ActiveCfg = Debug|iPhone
		{ED5D385E-1D4E-4352-8650-70589192B258}.Debug|iPhone.Build.0 = Debug|iPhone
		{ED5D385E-1D4E-4352-8650-70589192B258}.Debug|iPhoneSimulator.ActiveCfg = Debug|iPhoneSimulator
		{ED5D385E-1D4E-4352-8650-70589192B258}.Debug|iPhoneSimulator.Build.0 = Debug|iPhoneSimulator
		{ED5D385E-1D4E-4352-8650-70589192B258}.Debug|x64.ActiveCfg = Debug|iPhone
		{ED5D385E-1D4E-4352-8650-70589192B258}.Release|Any CPU.ActiveCfg = Release|iPhone
		{ED5D385E-1D4E-4352-8650-70589192B258}.Release|iPhone.ActiveCfg = Release|iPhone
		{ED5D385E-1D4E-4352-8650-70589192B258}.Release|iPhone.Build.0 = Release|iPhone
		{ED5D385E-1D4E-4352-8650-70589192B258}.Release|iPhoneSimulator.ActiveCfg = Release|iPhoneSimulator
		{ED5D385E-1D4E-4352-8650-70589192B258}.Release|iPhoneSimulator.Build.0 = Release|iPhoneSimulator
		{ED5D385E-1D4E-4352-8650-70589192B258}.Release|x64.ActiveCfg = Release|iPhone
		{3BC0AC7E-3B3B-4D3F-9CC0-B2BDECC460A6}.Ad-Hoc|Any CPU.ActiveCfg = Release|Any CPU
		{3BC0AC7E-3B3B-4D3F-9CC0-B2BDECC460A6}.Ad-Hoc|Any CPU.Build.0 = Release|Any CPU
		{3BC0AC7E-3B3B-4D3F-9CC0-B2BDECC460A6}.Ad-Hoc|Any CPU.Deploy.0 = Release|Any CPU
		{3BC0AC7E-3B3B-4D3F-9CC0-B2BDECC460A6}.Ad-Hoc|iPhone.ActiveCfg = Release|Any CPU
		{3BC0AC7E-3B3B-4D3F-9CC0-B2BDECC460A6}.Ad-Hoc|iPhone.Build.0 = Release|Any CPU
		{3BC0AC7E-3B3B-4D3F-9CC0-B2BDECC460A6}.Ad-Hoc|iPhone.Deploy.0 = Release|Any CPU
		{3BC0AC7E-3B3B-4D3F-9CC0-B2BDECC460A6}.Ad-Hoc|iPhoneSimulator.ActiveCfg = Release|Any CPU
		{3BC0AC7E-3B3B-4D3F-9CC0-B2BDECC460A6}.Ad-Hoc|iPhoneSimulator.Build.0 = Release|Any CPU
		{3BC0AC7E-3B3B-4D3F-9CC0-B2BDECC460A6}.Ad-Hoc|iPhoneSimulator.Deploy.0 = Release|Any CPU
		{3BC0AC7E-3B3B-4D3F-9CC0-B2BDECC460A6}.Ad-Hoc|x64.ActiveCfg = Release|Any CPU
		{3BC0AC7E-3B3B-4D3F-9CC0-B2BDECC460A6}.Ad-Hoc|x64.Build.0 = Release|Any CPU
		{3BC0AC7E-3B3B-4D3F-9CC0-B2BDECC460A6}.Ad-Hoc|x64.Deploy.0 = Release|Any CPU
		{3BC0AC7E-3B3B-4D3F-9CC0-B2BDECC460A6}.AppStore|Any CPU.ActiveCfg = Release|Any CPU
		{3BC0AC7E-3B3B-4D3F-9CC0-B2BDECC460A6}.AppStore|Any CPU.Build.0 = Release|Any CPU
		{3BC0AC7E-3B3B-4D3F-9CC0-B2BDECC460A6}.AppStore|Any CPU.Deploy.0 = Release|Any CPU
		{3BC0AC7E-3B3B-4D3F-9CC0-B2BDECC460A6}.AppStore|iPhone.ActiveCfg = Release|Any CPU
		{3BC0AC7E-3B3B-4D3F-9CC0-B2BDECC460A6}.AppStore|iPhone.Build.0 = Release|Any CPU
		{3BC0AC7E-3B3B-4D3F-9CC0-B2BDECC460A6}.AppStore|iPhone.Deploy.0 = Release|Any CPU
		{3BC0AC7E-3B3B-4D3F-9CC0-B2BDECC460A6}.AppStore|iPhoneSimulator.ActiveCfg = Release|Any CPU
		{3BC0AC7E-3B3B-4D3F-9CC0-B2BDECC460A6}.AppStore|iPhoneSimulator.Build.0 = Release|Any CPU
		{3BC0AC7E-3B3B-4D3F-9CC0-B2BDECC460A6}.AppStore|iPhoneSimulator.Deploy.0 = Release|Any CPU
		{3BC0AC7E-3B3B-4D3F-9CC0-B2BDECC460A6}.AppStore|x64.ActiveCfg = Release|Any CPU
		{3BC0AC7E-3B3B-4D3F-9CC0-B2BDECC460A6}.AppStore|x64.Build.0 = Release|Any CPU
		{3BC0AC7E-3B3B-4D3F-9CC0-B2BDECC460A6}.AppStore|x64.Deploy.0 = Release|Any CPU
		{3BC0AC7E-3B3B-4D3F-9CC0-B2BDECC460A6}.Debug|Any CPU.ActiveCfg = Debug|Any CPU
		{3BC0AC7E-3B3B-4D3F-9CC0-B2BDECC460A6}.Debug|Any CPU.Build.0 = Debug|Any CPU
		{3BC0AC7E-3B3B-4D3F-9CC0-B2BDECC460A6}.Debug|Any CPU.Deploy.0 = Debug|Any CPU
		{3BC0AC7E-3B3B-4D3F-9CC0-B2BDECC460A6}.Debug|iPhone.ActiveCfg = Debug|Any CPU
		{3BC0AC7E-3B3B-4D3F-9CC0-B2BDECC460A6}.Debug|iPhone.Build.0 = Debug|Any CPU
		{3BC0AC7E-3B3B-4D3F-9CC0-B2BDECC460A6}.Debug|iPhone.Deploy.0 = Debug|Any CPU
		{3BC0AC7E-3B3B-4D3F-9CC0-B2BDECC460A6}.Debug|iPhoneSimulator.ActiveCfg = Debug|Any CPU
		{3BC0AC7E-3B3B-4D3F-9CC0-B2BDECC460A6}.Debug|iPhoneSimulator.Build.0 = Debug|Any CPU
		{3BC0AC7E-3B3B-4D3F-9CC0-B2BDECC460A6}.Debug|iPhoneSimulator.Deploy.0 = Debug|Any CPU
		{3BC0AC7E-3B3B-4D3F-9CC0-B2BDECC460A6}.Debug|x64.ActiveCfg = Debug|Any CPU
		{3BC0AC7E-3B3B-4D3F-9CC0-B2BDECC460A6}.Debug|x64.Build.0 = Debug|Any CPU
		{3BC0AC7E-3B3B-4D3F-9CC0-B2BDECC460A6}.Debug|x64.Deploy.0 = Debug|Any CPU
		{3BC0AC7E-3B3B-4D3F-9CC0-B2BDECC460A6}.Release|Any CPU.ActiveCfg = Release|Any CPU
		{3BC0AC7E-3B3B-4D3F-9CC0-B2BDECC460A6}.Release|Any CPU.Build.0 = Release|Any CPU
		{3BC0AC7E-3B3B-4D3F-9CC0-B2BDECC460A6}.Release|Any CPU.Deploy.0 = Release|Any CPU
		{3BC0AC7E-3B3B-4D3F-9CC0-B2BDECC460A6}.Release|iPhone.ActiveCfg = Release|Any CPU
		{3BC0AC7E-3B3B-4D3F-9CC0-B2BDECC460A6}.Release|iPhone.Build.0 = Release|Any CPU
		{3BC0AC7E-3B3B-4D3F-9CC0-B2BDECC460A6}.Release|iPhone.Deploy.0 = Release|Any CPU
		{3BC0AC7E-3B3B-4D3F-9CC0-B2BDECC460A6}.Release|iPhoneSimulator.ActiveCfg = Release|Any CPU
		{3BC0AC7E-3B3B-4D3F-9CC0-B2BDECC460A6}.Release|iPhoneSimulator.Build.0 = Release|Any CPU
		{3BC0AC7E-3B3B-4D3F-9CC0-B2BDECC460A6}.Release|iPhoneSimulator.Deploy.0 = Release|Any CPU
		{3BC0AC7E-3B3B-4D3F-9CC0-B2BDECC460A6}.Release|x64.ActiveCfg = Release|Any CPU
		{3BC0AC7E-3B3B-4D3F-9CC0-B2BDECC460A6}.Release|x64.Build.0 = Release|Any CPU
		{3BC0AC7E-3B3B-4D3F-9CC0-B2BDECC460A6}.Release|x64.Deploy.0 = Release|Any CPU
		{7D7F9419-5F05-41E2-95D4-559C5533C25A}.Ad-Hoc|Any CPU.ActiveCfg = Release|Any CPU
		{7D7F9419-5F05-41E2-95D4-559C5533C25A}.Ad-Hoc|Any CPU.Build.0 = Release|Any CPU
		{7D7F9419-5F05-41E2-95D4-559C5533C25A}.Ad-Hoc|iPhone.ActiveCfg = Release|Any CPU
		{7D7F9419-5F05-41E2-95D4-559C5533C25A}.Ad-Hoc|iPhone.Build.0 = Release|Any CPU
		{7D7F9419-5F05-41E2-95D4-559C5533C25A}.Ad-Hoc|iPhoneSimulator.ActiveCfg = Release|Any CPU
		{7D7F9419-5F05-41E2-95D4-559C5533C25A}.Ad-Hoc|iPhoneSimulator.Build.0 = Release|Any CPU
		{7D7F9419-5F05-41E2-95D4-559C5533C25A}.Ad-Hoc|x64.ActiveCfg = Release|Any CPU
		{7D7F9419-5F05-41E2-95D4-559C5533C25A}.Ad-Hoc|x64.Build.0 = Release|Any CPU
		{7D7F9419-5F05-41E2-95D4-559C5533C25A}.AppStore|Any CPU.ActiveCfg = Release|Any CPU
		{7D7F9419-5F05-41E2-95D4-559C5533C25A}.AppStore|Any CPU.Build.0 = Release|Any CPU
		{7D7F9419-5F05-41E2-95D4-559C5533C25A}.AppStore|iPhone.ActiveCfg = Release|Any CPU
		{7D7F9419-5F05-41E2-95D4-559C5533C25A}.AppStore|iPhone.Build.0 = Release|Any CPU
		{7D7F9419-5F05-41E2-95D4-559C5533C25A}.AppStore|iPhoneSimulator.ActiveCfg = Release|Any CPU
		{7D7F9419-5F05-41E2-95D4-559C5533C25A}.AppStore|iPhoneSimulator.Build.0 = Release|Any CPU
		{7D7F9419-5F05-41E2-95D4-559C5533C25A}.AppStore|x64.ActiveCfg = Release|Any CPU
		{7D7F9419-5F05-41E2-95D4-559C5533C25A}.AppStore|x64.Build.0 = Release|Any CPU
		{7D7F9419-5F05-41E2-95D4-559C5533C25A}.Debug|Any CPU.ActiveCfg = Debug|Any CPU
		{7D7F9419-5F05-41E2-95D4-559C5533C25A}.Debug|Any CPU.Build.0 = Debug|Any CPU
		{7D7F9419-5F05-41E2-95D4-559C5533C25A}.Debug|iPhone.ActiveCfg = Debug|Any CPU
		{7D7F9419-5F05-41E2-95D4-559C5533C25A}.Debug|iPhone.Build.0 = Debug|Any CPU
		{7D7F9419-5F05-41E2-95D4-559C5533C25A}.Debug|iPhoneSimulator.ActiveCfg = Debug|Any CPU
		{7D7F9419-5F05-41E2-95D4-559C5533C25A}.Debug|iPhoneSimulator.Build.0 = Debug|Any CPU
		{7D7F9419-5F05-41E2-95D4-559C5533C25A}.Debug|x64.ActiveCfg = Debug|Any CPU
		{7D7F9419-5F05-41E2-95D4-559C5533C25A}.Debug|x64.Build.0 = Debug|Any CPU
		{7D7F9419-5F05-41E2-95D4-559C5533C25A}.Release|Any CPU.ActiveCfg = Release|Any CPU
		{7D7F9419-5F05-41E2-95D4-559C5533C25A}.Release|Any CPU.Build.0 = Release|Any CPU
		{7D7F9419-5F05-41E2-95D4-559C5533C25A}.Release|iPhone.ActiveCfg = Release|Any CPU
		{7D7F9419-5F05-41E2-95D4-559C5533C25A}.Release|iPhone.Build.0 = Release|Any CPU
		{7D7F9419-5F05-41E2-95D4-559C5533C25A}.Release|iPhoneSimulator.ActiveCfg = Release|Any CPU
		{7D7F9419-5F05-41E2-95D4-559C5533C25A}.Release|iPhoneSimulator.Build.0 = Release|Any CPU
		{7D7F9419-5F05-41E2-95D4-559C5533C25A}.Release|x64.ActiveCfg = Release|Any CPU
		{7D7F9419-5F05-41E2-95D4-559C5533C25A}.Release|x64.Build.0 = Release|Any CPU
		{24CE3C36-16B9-426D-AA0C-5961ECF8D88C}.Ad-Hoc|Any CPU.ActiveCfg = Release|Any CPU
		{24CE3C36-16B9-426D-AA0C-5961ECF8D88C}.Ad-Hoc|Any CPU.Build.0 = Release|Any CPU
		{24CE3C36-16B9-426D-AA0C-5961ECF8D88C}.Ad-Hoc|Any CPU.Deploy.0 = Release|Any CPU
		{24CE3C36-16B9-426D-AA0C-5961ECF8D88C}.Ad-Hoc|iPhone.ActiveCfg = Release|Any CPU
		{24CE3C36-16B9-426D-AA0C-5961ECF8D88C}.Ad-Hoc|iPhone.Build.0 = Release|Any CPU
		{24CE3C36-16B9-426D-AA0C-5961ECF8D88C}.Ad-Hoc|iPhone.Deploy.0 = Release|Any CPU
		{24CE3C36-16B9-426D-AA0C-5961ECF8D88C}.Ad-Hoc|iPhoneSimulator.ActiveCfg = Release|Any CPU
		{24CE3C36-16B9-426D-AA0C-5961ECF8D88C}.Ad-Hoc|iPhoneSimulator.Build.0 = Release|Any CPU
		{24CE3C36-16B9-426D-AA0C-5961ECF8D88C}.Ad-Hoc|iPhoneSimulator.Deploy.0 = Release|Any CPU
		{24CE3C36-16B9-426D-AA0C-5961ECF8D88C}.Ad-Hoc|x64.ActiveCfg = Release|Any CPU
		{24CE3C36-16B9-426D-AA0C-5961ECF8D88C}.Ad-Hoc|x64.Build.0 = Release|Any CPU
		{24CE3C36-16B9-426D-AA0C-5961ECF8D88C}.Ad-Hoc|x64.Deploy.0 = Release|Any CPU
		{24CE3C36-16B9-426D-AA0C-5961ECF8D88C}.AppStore|Any CPU.ActiveCfg = Release|Any CPU
		{24CE3C36-16B9-426D-AA0C-5961ECF8D88C}.AppStore|Any CPU.Build.0 = Release|Any CPU
		{24CE3C36-16B9-426D-AA0C-5961ECF8D88C}.AppStore|Any CPU.Deploy.0 = Release|Any CPU
		{24CE3C36-16B9-426D-AA0C-5961ECF8D88C}.AppStore|iPhone.ActiveCfg = Release|Any CPU
		{24CE3C36-16B9-426D-AA0C-5961ECF8D88C}.AppStore|iPhone.Build.0 = Release|Any CPU
		{24CE3C36-16B9-426D-AA0C-5961ECF8D88C}.AppStore|iPhone.Deploy.0 = Release|Any CPU
		{24CE3C36-16B9-426D-AA0C-5961ECF8D88C}.AppStore|iPhoneSimulator.ActiveCfg = Release|Any CPU
		{24CE3C36-16B9-426D-AA0C-5961ECF8D88C}.AppStore|iPhoneSimulator.Build.0 = Release|Any CPU
		{24CE3C36-16B9-426D-AA0C-5961ECF8D88C}.AppStore|iPhoneSimulator.Deploy.0 = Release|Any CPU
		{24CE3C36-16B9-426D-AA0C-5961ECF8D88C}.AppStore|x64.ActiveCfg = Release|Any CPU
		{24CE3C36-16B9-426D-AA0C-5961ECF8D88C}.AppStore|x64.Build.0 = Release|Any CPU
		{24CE3C36-16B9-426D-AA0C-5961ECF8D88C}.AppStore|x64.Deploy.0 = Release|Any CPU
		{24CE3C36-16B9-426D-AA0C-5961ECF8D88C}.Debug|Any CPU.ActiveCfg = Debug|Any CPU
		{24CE3C36-16B9-426D-AA0C-5961ECF8D88C}.Debug|Any CPU.Build.0 = Debug|Any CPU
		{24CE3C36-16B9-426D-AA0C-5961ECF8D88C}.Debug|Any CPU.Deploy.0 = Debug|Any CPU
		{24CE3C36-16B9-426D-AA0C-5961ECF8D88C}.Debug|iPhone.ActiveCfg = Debug|Any CPU
		{24CE3C36-16B9-426D-AA0C-5961ECF8D88C}.Debug|iPhone.Build.0 = Debug|Any CPU
		{24CE3C36-16B9-426D-AA0C-5961ECF8D88C}.Debug|iPhone.Deploy.0 = Debug|Any CPU
		{24CE3C36-16B9-426D-AA0C-5961ECF8D88C}.Debug|iPhoneSimulator.ActiveCfg = Debug|Any CPU
		{24CE3C36-16B9-426D-AA0C-5961ECF8D88C}.Debug|iPhoneSimulator.Build.0 = Debug|Any CPU
		{24CE3C36-16B9-426D-AA0C-5961ECF8D88C}.Debug|iPhoneSimulator.Deploy.0 = Debug|Any CPU
		{24CE3C36-16B9-426D-AA0C-5961ECF8D88C}.Debug|x64.ActiveCfg = Debug|Any CPU
		{24CE3C36-16B9-426D-AA0C-5961ECF8D88C}.Debug|x64.Build.0 = Debug|Any CPU
		{24CE3C36-16B9-426D-AA0C-5961ECF8D88C}.Debug|x64.Deploy.0 = Debug|Any CPU
		{24CE3C36-16B9-426D-AA0C-5961ECF8D88C}.Release|Any CPU.ActiveCfg = Release|Any CPU
		{24CE3C36-16B9-426D-AA0C-5961ECF8D88C}.Release|Any CPU.Build.0 = Release|Any CPU
		{24CE3C36-16B9-426D-AA0C-5961ECF8D88C}.Release|Any CPU.Deploy.0 = Release|Any CPU
		{24CE3C36-16B9-426D-AA0C-5961ECF8D88C}.Release|iPhone.ActiveCfg = Release|Any CPU
		{24CE3C36-16B9-426D-AA0C-5961ECF8D88C}.Release|iPhone.Build.0 = Release|Any CPU
		{24CE3C36-16B9-426D-AA0C-5961ECF8D88C}.Release|iPhone.Deploy.0 = Release|Any CPU
		{24CE3C36-16B9-426D-AA0C-5961ECF8D88C}.Release|iPhoneSimulator.ActiveCfg = Release|Any CPU
		{24CE3C36-16B9-426D-AA0C-5961ECF8D88C}.Release|iPhoneSimulator.Build.0 = Release|Any CPU
		{24CE3C36-16B9-426D-AA0C-5961ECF8D88C}.Release|iPhoneSimulator.Deploy.0 = Release|Any CPU
		{24CE3C36-16B9-426D-AA0C-5961ECF8D88C}.Release|x64.ActiveCfg = Release|Any CPU
		{24CE3C36-16B9-426D-AA0C-5961ECF8D88C}.Release|x64.Build.0 = Release|Any CPU
		{24CE3C36-16B9-426D-AA0C-5961ECF8D88C}.Release|x64.Deploy.0 = Release|Any CPU
		{FD627C59-634C-4A51-88F1-B95D57607084}.Ad-Hoc|Any CPU.ActiveCfg = Release|iPhone
		{FD627C59-634C-4A51-88F1-B95D57607084}.Ad-Hoc|Any CPU.Build.0 = Release|iPhone
		{FD627C59-634C-4A51-88F1-B95D57607084}.Ad-Hoc|iPhone.ActiveCfg = Release|iPhone
		{FD627C59-634C-4A51-88F1-B95D57607084}.Ad-Hoc|iPhone.Build.0 = Release|iPhone
		{FD627C59-634C-4A51-88F1-B95D57607084}.Ad-Hoc|iPhoneSimulator.ActiveCfg = Release|iPhoneSimulator
		{FD627C59-634C-4A51-88F1-B95D57607084}.Ad-Hoc|iPhoneSimulator.Build.0 = Release|iPhoneSimulator
		{FD627C59-634C-4A51-88F1-B95D57607084}.Ad-Hoc|x64.ActiveCfg = Release|iPhone
		{FD627C59-634C-4A51-88F1-B95D57607084}.Ad-Hoc|x64.Build.0 = Release|iPhone
		{FD627C59-634C-4A51-88F1-B95D57607084}.AppStore|Any CPU.ActiveCfg = Release|iPhone
		{FD627C59-634C-4A51-88F1-B95D57607084}.AppStore|Any CPU.Build.0 = Release|iPhone
		{FD627C59-634C-4A51-88F1-B95D57607084}.AppStore|iPhone.ActiveCfg = Release|iPhone
		{FD627C59-634C-4A51-88F1-B95D57607084}.AppStore|iPhone.Build.0 = Release|iPhone
		{FD627C59-634C-4A51-88F1-B95D57607084}.AppStore|iPhoneSimulator.ActiveCfg = Release|iPhoneSimulator
		{FD627C59-634C-4A51-88F1-B95D57607084}.AppStore|iPhoneSimulator.Build.0 = Release|iPhoneSimulator
		{FD627C59-634C-4A51-88F1-B95D57607084}.AppStore|x64.ActiveCfg = Release|iPhone
		{FD627C59-634C-4A51-88F1-B95D57607084}.AppStore|x64.Build.0 = Release|iPhone
		{FD627C59-634C-4A51-88F1-B95D57607084}.Debug|Any CPU.ActiveCfg = Debug|iPhone
		{FD627C59-634C-4A51-88F1-B95D57607084}.Debug|iPhone.ActiveCfg = Debug|iPhone
		{FD627C59-634C-4A51-88F1-B95D57607084}.Debug|iPhone.Build.0 = Debug|iPhone
		{FD627C59-634C-4A51-88F1-B95D57607084}.Debug|iPhoneSimulator.ActiveCfg = Debug|iPhoneSimulator
		{FD627C59-634C-4A51-88F1-B95D57607084}.Debug|iPhoneSimulator.Build.0 = Debug|iPhoneSimulator
		{FD627C59-634C-4A51-88F1-B95D57607084}.Debug|x64.ActiveCfg = Debug|iPhone
		{FD627C59-634C-4A51-88F1-B95D57607084}.Release|Any CPU.ActiveCfg = Release|iPhone
		{FD627C59-634C-4A51-88F1-B95D57607084}.Release|iPhone.ActiveCfg = Release|iPhone
		{FD627C59-634C-4A51-88F1-B95D57607084}.Release|iPhone.Build.0 = Release|iPhone
		{FD627C59-634C-4A51-88F1-B95D57607084}.Release|iPhoneSimulator.ActiveCfg = Release|iPhoneSimulator
		{FD627C59-634C-4A51-88F1-B95D57607084}.Release|iPhoneSimulator.Build.0 = Release|iPhoneSimulator
		{FD627C59-634C-4A51-88F1-B95D57607084}.Release|x64.ActiveCfg = Release|iPhone
		{AFAE9423-FD4A-452A-A7D1-E8B28519A68F}.Ad-Hoc|Any CPU.ActiveCfg = Debug|Any CPU
		{AFAE9423-FD4A-452A-A7D1-E8B28519A68F}.Ad-Hoc|Any CPU.Build.0 = Debug|Any CPU
		{AFAE9423-FD4A-452A-A7D1-E8B28519A68F}.Ad-Hoc|iPhone.ActiveCfg = Debug|Any CPU
		{AFAE9423-FD4A-452A-A7D1-E8B28519A68F}.Ad-Hoc|iPhone.Build.0 = Debug|Any CPU
		{AFAE9423-FD4A-452A-A7D1-E8B28519A68F}.Ad-Hoc|iPhoneSimulator.ActiveCfg = Debug|Any CPU
		{AFAE9423-FD4A-452A-A7D1-E8B28519A68F}.Ad-Hoc|iPhoneSimulator.Build.0 = Debug|Any CPU
		{AFAE9423-FD4A-452A-A7D1-E8B28519A68F}.Ad-Hoc|x64.ActiveCfg = Debug|Any CPU
		{AFAE9423-FD4A-452A-A7D1-E8B28519A68F}.Ad-Hoc|x64.Build.0 = Debug|Any CPU
		{AFAE9423-FD4A-452A-A7D1-E8B28519A68F}.AppStore|Any CPU.ActiveCfg = Debug|Any CPU
		{AFAE9423-FD4A-452A-A7D1-E8B28519A68F}.AppStore|Any CPU.Build.0 = Debug|Any CPU
		{AFAE9423-FD4A-452A-A7D1-E8B28519A68F}.AppStore|iPhone.ActiveCfg = Debug|Any CPU
		{AFAE9423-FD4A-452A-A7D1-E8B28519A68F}.AppStore|iPhone.Build.0 = Debug|Any CPU
		{AFAE9423-FD4A-452A-A7D1-E8B28519A68F}.AppStore|iPhoneSimulator.ActiveCfg = Debug|Any CPU
		{AFAE9423-FD4A-452A-A7D1-E8B28519A68F}.AppStore|iPhoneSimulator.Build.0 = Debug|Any CPU
		{AFAE9423-FD4A-452A-A7D1-E8B28519A68F}.AppStore|x64.ActiveCfg = Debug|Any CPU
		{AFAE9423-FD4A-452A-A7D1-E8B28519A68F}.AppStore|x64.Build.0 = Debug|Any CPU
		{AFAE9423-FD4A-452A-A7D1-E8B28519A68F}.Debug|Any CPU.ActiveCfg = Debug|Any CPU
		{AFAE9423-FD4A-452A-A7D1-E8B28519A68F}.Debug|Any CPU.Build.0 = Debug|Any CPU
		{AFAE9423-FD4A-452A-A7D1-E8B28519A68F}.Debug|iPhone.ActiveCfg = Debug|Any CPU
		{AFAE9423-FD4A-452A-A7D1-E8B28519A68F}.Debug|iPhone.Build.0 = Debug|Any CPU
		{AFAE9423-FD4A-452A-A7D1-E8B28519A68F}.Debug|iPhoneSimulator.ActiveCfg = Debug|Any CPU
		{AFAE9423-FD4A-452A-A7D1-E8B28519A68F}.Debug|iPhoneSimulator.Build.0 = Debug|Any CPU
		{AFAE9423-FD4A-452A-A7D1-E8B28519A68F}.Debug|x64.ActiveCfg = Debug|Any CPU
		{AFAE9423-FD4A-452A-A7D1-E8B28519A68F}.Debug|x64.Build.0 = Debug|Any CPU
		{AFAE9423-FD4A-452A-A7D1-E8B28519A68F}.Release|Any CPU.ActiveCfg = Release|Any CPU
		{AFAE9423-FD4A-452A-A7D1-E8B28519A68F}.Release|Any CPU.Build.0 = Release|Any CPU
		{AFAE9423-FD4A-452A-A7D1-E8B28519A68F}.Release|iPhone.ActiveCfg = Release|Any CPU
		{AFAE9423-FD4A-452A-A7D1-E8B28519A68F}.Release|iPhone.Build.0 = Release|Any CPU
		{AFAE9423-FD4A-452A-A7D1-E8B28519A68F}.Release|iPhoneSimulator.ActiveCfg = Release|Any CPU
		{AFAE9423-FD4A-452A-A7D1-E8B28519A68F}.Release|iPhoneSimulator.Build.0 = Release|Any CPU
		{AFAE9423-FD4A-452A-A7D1-E8B28519A68F}.Release|x64.ActiveCfg = Release|Any CPU
		{AFAE9423-FD4A-452A-A7D1-E8B28519A68F}.Release|x64.Build.0 = Release|Any CPU
		{06A07159-DCBB-447F-8EB1-DBBB63B2B5B2}.Ad-Hoc|Any CPU.ActiveCfg = Release|Any CPU
		{06A07159-DCBB-447F-8EB1-DBBB63B2B5B2}.Ad-Hoc|Any CPU.Build.0 = Release|Any CPU
		{06A07159-DCBB-447F-8EB1-DBBB63B2B5B2}.Ad-Hoc|iPhone.ActiveCfg = Release|Any CPU
		{06A07159-DCBB-447F-8EB1-DBBB63B2B5B2}.Ad-Hoc|iPhone.Build.0 = Release|Any CPU
		{06A07159-DCBB-447F-8EB1-DBBB63B2B5B2}.Ad-Hoc|iPhoneSimulator.ActiveCfg = Release|Any CPU
		{06A07159-DCBB-447F-8EB1-DBBB63B2B5B2}.Ad-Hoc|iPhoneSimulator.Build.0 = Release|Any CPU
		{06A07159-DCBB-447F-8EB1-DBBB63B2B5B2}.Ad-Hoc|x64.ActiveCfg = Release|Any CPU
		{06A07159-DCBB-447F-8EB1-DBBB63B2B5B2}.Ad-Hoc|x64.Build.0 = Release|Any CPU
		{06A07159-DCBB-447F-8EB1-DBBB63B2B5B2}.AppStore|Any CPU.ActiveCfg = Release|Any CPU
		{06A07159-DCBB-447F-8EB1-DBBB63B2B5B2}.AppStore|Any CPU.Build.0 = Release|Any CPU
		{06A07159-DCBB-447F-8EB1-DBBB63B2B5B2}.AppStore|iPhone.ActiveCfg = Release|Any CPU
		{06A07159-DCBB-447F-8EB1-DBBB63B2B5B2}.AppStore|iPhone.Build.0 = Release|Any CPU
		{06A07159-DCBB-447F-8EB1-DBBB63B2B5B2}.AppStore|iPhoneSimulator.ActiveCfg = Release|Any CPU
		{06A07159-DCBB-447F-8EB1-DBBB63B2B5B2}.AppStore|iPhoneSimulator.Build.0 = Release|Any CPU
		{06A07159-DCBB-447F-8EB1-DBBB63B2B5B2}.AppStore|x64.ActiveCfg = Release|Any CPU
		{06A07159-DCBB-447F-8EB1-DBBB63B2B5B2}.AppStore|x64.Build.0 = Release|Any CPU
		{06A07159-DCBB-447F-8EB1-DBBB63B2B5B2}.Debug|Any CPU.ActiveCfg = Debug|Any CPU
		{06A07159-DCBB-447F-8EB1-DBBB63B2B5B2}.Debug|Any CPU.Build.0 = Debug|Any CPU
		{06A07159-DCBB-447F-8EB1-DBBB63B2B5B2}.Debug|iPhone.ActiveCfg = Debug|Any CPU
		{06A07159-DCBB-447F-8EB1-DBBB63B2B5B2}.Debug|iPhone.Build.0 = Debug|Any CPU
		{06A07159-DCBB-447F-8EB1-DBBB63B2B5B2}.Debug|iPhoneSimulator.ActiveCfg = Debug|Any CPU
		{06A07159-DCBB-447F-8EB1-DBBB63B2B5B2}.Debug|iPhoneSimulator.Build.0 = Debug|Any CPU
		{06A07159-DCBB-447F-8EB1-DBBB63B2B5B2}.Debug|x64.ActiveCfg = Debug|Any CPU
		{06A07159-DCBB-447F-8EB1-DBBB63B2B5B2}.Debug|x64.Build.0 = Debug|Any CPU
		{06A07159-DCBB-447F-8EB1-DBBB63B2B5B2}.Release|Any CPU.ActiveCfg = Release|Any CPU
		{06A07159-DCBB-447F-8EB1-DBBB63B2B5B2}.Release|Any CPU.Build.0 = Release|Any CPU
		{06A07159-DCBB-447F-8EB1-DBBB63B2B5B2}.Release|iPhone.ActiveCfg = Release|Any CPU
		{06A07159-DCBB-447F-8EB1-DBBB63B2B5B2}.Release|iPhone.Build.0 = Release|Any CPU
		{06A07159-DCBB-447F-8EB1-DBBB63B2B5B2}.Release|iPhoneSimulator.ActiveCfg = Release|Any CPU
		{06A07159-DCBB-447F-8EB1-DBBB63B2B5B2}.Release|iPhoneSimulator.Build.0 = Release|Any CPU
		{06A07159-DCBB-447F-8EB1-DBBB63B2B5B2}.Release|x64.ActiveCfg = Release|Any CPU
		{06A07159-DCBB-447F-8EB1-DBBB63B2B5B2}.Release|x64.Build.0 = Release|Any CPU
	EndGlobalSection
	GlobalSection(SolutionProperties) = preSolution
		HideSolutionNode = FALSE
	EndGlobalSection
	GlobalSection(NestedProjects) = preSolution
		{3BC0AC7E-3B3B-4D3F-9CC0-B2BDECC460A6} = {C6916887-253A-4D85-A8EF-424A5FF827F3}
		{7D7F9419-5F05-41E2-95D4-559C5533C25A} = {C6916887-253A-4D85-A8EF-424A5FF827F3}
		{24CE3C36-16B9-426D-AA0C-5961ECF8D88C} = {E181D755-40DE-4814-A5E0-FFBF9891B1E1}
		{FD627C59-634C-4A51-88F1-B95D57607084} = {E181D755-40DE-4814-A5E0-FFBF9891B1E1}
		{AFAE9423-FD4A-452A-A7D1-E8B28519A68F} = {E181D755-40DE-4814-A5E0-FFBF9891B1E1}
		{06A07159-DCBB-447F-8EB1-DBBB63B2B5B2} = {E181D755-40DE-4814-A5E0-FFBF9891B1E1}
	EndGlobalSection
	GlobalSection(ExtensibilityGlobals) = postSolution
		SolutionGuid = {64059D97-04D2-48E0-8C15-7B26ACA0E11D}
	EndGlobalSection
EndGlobal
