
Microsoft Visual Studio Solution File, Format Version 12.00
# Visual Studio 15
VisualStudioVersion = 15.0.28307.1209
MinimumVisualStudioVersion = 10.0.40219.1
Project("{FAE04EC0-301F-11D3-BF4B-00C04F79EFBC}") = "LibVLCSharp.Forms.MediaElement.Sample.Winforms", "LibVLCSharp.Forms.MediaElement.Sample.Winforms\LibVLCSharp.Forms.MediaElement.Sample.Winforms.csproj", "{05822CC6-0154-4B27-BE27-F5A12677B852}"
EndProject
Global
	GlobalSection(SolutionConfigurationPlatforms) = preSolution
		Debug|Any CPU = Debug|Any CPU
		Release|Any CPU = Release|Any CPU
	EndGlobalSection
	GlobalSection(ProjectConfigurationPlatforms) = postSolution
		{05822CC6-0154-4B27-BE27-F5A12677B852}.Debug|Any CPU.ActiveCfg = Debug|Any CPU
		{05822CC6-0154-4B27-BE27-F5A12677B852}.Debug|Any CPU.Build.0 = Debug|Any CPU
		{05822CC6-0154-4B27-BE27-F5A12677B852}.Release|Any CPU.ActiveCfg = Release|Any CPU
		{05822CC6-0154-4B27-BE27-F5A12677B852}.Release|Any CPU.Build.0 = Release|Any CPU
	EndGlobalSection
	GlobalSection(SolutionProperties) = preSolution
		HideSolutionNode = FALSE
	EndGlobalSection
	GlobalSection(ExtensibilityGlobals) = postSolution
		SolutionGuid = {90417181-A85A-4643-B57C-E7D512A7D9A2}
	EndGlobalSection
EndGlobal
